// !$*UTF8*$!
{
	archiveVersion = 1;
	classes = {
	};
	objectVersion = 56;
	objects = {

/* Begin PBXBuildFile section */
		56012B9E29B832D900E2E5A9 /* WatchWhatApp.swift in Sources */ = {isa = PBXBuildFile; fileRef = 56012B9D29B832D900E2E5A9 /* WatchWhatApp.swift */; };
		56012BA029B832D900E2E5A9 /* ContentView.swift in Sources */ = {isa = PBXBuildFile; fileRef = 56012B9F29B832D900E2E5A9 /* ContentView.swift */; };
		56012BA229B832DA00E2E5A9 /* Assets.xcassets in Resources */ = {isa = PBXBuildFile; fileRef = 56012BA129B832DA00E2E5A9 /* Assets.xcassets */; };
		56012BA529B832DA00E2E5A9 /* Preview Assets.xcassets in Resources */ = {isa = PBXBuildFile; fileRef = 56012BA429B832DA00E2E5A9 /* Preview Assets.xcassets */; };
		56012BAF29B832DB00E2E5A9 /* WatchWhatTests.swift in Sources */ = {isa = PBXBuildFile; fileRef = 56012BAE29B832DB00E2E5A9 /* WatchWhatTests.swift */; };
		56012BB929B832DB00E2E5A9 /* WatchWhatUITests.swift in Sources */ = {isa = PBXBuildFile; fileRef = 56012BB829B832DB00E2E5A9 /* WatchWhatUITests.swift */; };
		56012BBB29B832DB00E2E5A9 /* WatchWhatUITestsLaunchTests.swift in Sources */ = {isa = PBXBuildFile; fileRef = 56012BBA29B832DB00E2E5A9 /* WatchWhatUITestsLaunchTests.swift */; };
		56012BCB29B8353E00E2E5A9 /* Apollo in Frameworks */ = {isa = PBXBuildFile; productRef = 56012BCA29B8353E00E2E5A9 /* Apollo */; };
		56C233EF29B9682D0010A733 /* Configuration.swift in Sources */ = {isa = PBXBuildFile; fileRef = 56C233EE29B9682D0010A733 /* Configuration.swift */; };
		56C233F529B96B660010A733 /* WatchWhat.swift in Sources */ = {isa = PBXBuildFile; fileRef = 56C233F429B96B660010A733 /* WatchWhat.swift */; };
		56C233F729B96C8B0010A733 /* Palette.swift in Sources */ = {isa = PBXBuildFile; fileRef = 56C233F629B96C8B0010A733 /* Palette.swift */; };
		56C233F929B973B60010A733 /* HomeData.swift in Sources */ = {isa = PBXBuildFile; fileRef = 56C233F829B973B60010A733 /* HomeData.swift */; };
		56C233FB29B97DB70010A733 /* Background.swift in Sources */ = {isa = PBXBuildFile; fileRef = 56C233FA29B97DB70010A733 /* Background.swift */; };
		56C2340D29B9A4350010A733 /* Rajdhani-Bold.ttf in Resources */ = {isa = PBXBuildFile; fileRef = 56C2340829B9A4020010A733 /* Rajdhani-Bold.ttf */; };
		56C2340E29B9A4380010A733 /* Rajdhani-Light.ttf in Resources */ = {isa = PBXBuildFile; fileRef = 56C2340929B9A4020010A733 /* Rajdhani-Light.ttf */; };
		56C2340F29B9A43B0010A733 /* Rajdhani-Medium.ttf in Resources */ = {isa = PBXBuildFile; fileRef = 56C2340C29B9A4020010A733 /* Rajdhani-Medium.ttf */; };
		56C2341029B9A43D0010A733 /* Rajdhani-Regular.ttf in Resources */ = {isa = PBXBuildFile; fileRef = 56C2340B29B9A4020010A733 /* Rajdhani-Regular.ttf */; };
		56C2341129B9A4400010A733 /* Rajdhani-SemiBold.ttf in Resources */ = {isa = PBXBuildFile; fileRef = 56C2340A29B9A4020010A733 /* Rajdhani-SemiBold.ttf */; };
		56C2341629BA81730010A733 /* home.graphql in Sources */ = {isa = PBXBuildFile; fileRef = 56C2341529BA81730010A733 /* home.graphql */; };
		56C2341829BA85390010A733 /* schema.graphqls in Resources */ = {isa = PBXBuildFile; fileRef = 56C2341729BA85390010A733 /* schema.graphqls */; };
		56C2342C29BA86610010A733 /* Aliases.swift in Sources */ = {isa = PBXBuildFile; fileRef = 56C2342B29BA86610010A733 /* Aliases.swift */; };
		56C2344029BA8EB10010A733 /* HomeView.swift in Sources */ = {isa = PBXBuildFile; fileRef = 56C2343F29BA8EB10010A733 /* HomeView.swift */; };
		56C2344229BA8EF00010A733 /* MovieList.swift in Sources */ = {isa = PBXBuildFile; fileRef = 56C2344129BA8EF00010A733 /* MovieList.swift */; };
		56C2344429BA8F090010A733 /* MovieItem.swift in Sources */ = {isa = PBXBuildFile; fileRef = 56C2344329BA8F090010A733 /* MovieItem.swift */; };
		56C2345929BA92070010A733 /* WatchWhatSchema.graphql.swift in Sources */ = {isa = PBXBuildFile; fileRef = 56C2344F29BA92070010A733 /* WatchWhatSchema.graphql.swift */; };
		56C2345C29BAB6DB0010A733 /* movie.graphql in Sources */ = {isa = PBXBuildFile; fileRef = 56C2345B29BAB6DB0010A733 /* movie.graphql */; };
		56C2349229BAB7B70010A733 /* MovieDetail.swift in Sources */ = {isa = PBXBuildFile; fileRef = 56C2349129BAB7B70010A733 /* MovieDetail.swift */; };
		56C2349429BAB82C0010A733 /* MovieData.swift in Sources */ = {isa = PBXBuildFile; fileRef = 56C2349329BAB82C0010A733 /* MovieData.swift */; };
		56C2349629BABD8F0010A733 /* ModelData.swift in Sources */ = {isa = PBXBuildFile; fileRef = 56C2349529BABD8F0010A733 /* ModelData.swift */; };
		56C2349829BAD5720010A733 /* MoviePoster.swift in Sources */ = {isa = PBXBuildFile; fileRef = 56C2349729BAD5720010A733 /* MoviePoster.swift */; };
		56C2349A29BADE090010A733 /* UrlImageModel.swift in Sources */ = {isa = PBXBuildFile; fileRef = 56C2349929BADE090010A733 /* UrlImageModel.swift */; };
		56C2349D29BB20770010A733 /* SplashView.swift in Sources */ = {isa = PBXBuildFile; fileRef = 56C2349C29BB20770010A733 /* SplashView.swift */; };
		56C234A729BBAF780010A733 /* movie-extras.graphql in Sources */ = {isa = PBXBuildFile; fileRef = 56C234A629BBAF780010A733 /* movie-extras.graphql */; };
		56C2351D29BBB1550010A733 /* ProductionCountry.graphql.swift in Sources */ = {isa = PBXBuildFile; fileRef = 56C2350629BBB1550010A733 /* ProductionCountry.graphql.swift */; };
		56C2351E29BBB1550010A733 /* Recommendation.graphql.swift in Sources */ = {isa = PBXBuildFile; fileRef = 56C2350729BBB1550010A733 /* Recommendation.graphql.swift */; };
		56C2351F29BBB1550010A733 /* Home.graphql.swift in Sources */ = {isa = PBXBuildFile; fileRef = 56C2350829BBB1550010A733 /* Home.graphql.swift */; };
		56C2352029BBB1550010A733 /* Movie.graphql.swift in Sources */ = {isa = PBXBuildFile; fileRef = 56C2350929BBB1550010A733 /* Movie.graphql.swift */; };
		56C2352129BBB1550010A733 /* MovieDetails.graphql.swift in Sources */ = {isa = PBXBuildFile; fileRef = 56C2350A29BBB1550010A733 /* MovieDetails.graphql.swift */; };
		56C2352229BBB1550010A733 /* PaginatedRecommendations.graphql.swift in Sources */ = {isa = PBXBuildFile; fileRef = 56C2350B29BBB1550010A733 /* PaginatedRecommendations.graphql.swift */; };
		56C2352329BBB1550010A733 /* Crew.graphql.swift in Sources */ = {isa = PBXBuildFile; fileRef = 56C2350C29BBB1550010A733 /* Crew.graphql.swift */; };
		56C2352429BBB1550010A733 /* SpokenLanguages.graphql.swift in Sources */ = {isa = PBXBuildFile; fileRef = 56C2350D29BBB1550010A733 /* SpokenLanguages.graphql.swift */; };
		56C2352529BBB1550010A733 /* Query.graphql.swift in Sources */ = {isa = PBXBuildFile; fileRef = 56C2350E29BBB1550010A733 /* Query.graphql.swift */; };
		56C2352629BBB1550010A733 /* Trailer.graphql.swift in Sources */ = {isa = PBXBuildFile; fileRef = 56C2350F29BBB1550010A733 /* Trailer.graphql.swift */; };
		56C2352729BBB1550010A733 /* Credits.graphql.swift in Sources */ = {isa = PBXBuildFile; fileRef = 56C2351029BBB1550010A733 /* Credits.graphql.swift */; };
		56C2352829BBB1550010A733 /* GroupedMovies.graphql.swift in Sources */ = {isa = PBXBuildFile; fileRef = 56C2351129BBB1550010A733 /* GroupedMovies.graphql.swift */; };
		56C2352929BBB1550010A733 /* Genre.graphql.swift in Sources */ = {isa = PBXBuildFile; fileRef = 56C2351229BBB1550010A733 /* Genre.graphql.swift */; };
		56C2352A29BBB1550010A733 /* Cast.graphql.swift in Sources */ = {isa = PBXBuildFile; fileRef = 56C2351329BBB1550010A733 /* Cast.graphql.swift */; };
		56C2352B29BBB1550010A733 /* TrailerResults.graphql.swift in Sources */ = {isa = PBXBuildFile; fileRef = 56C2351429BBB1550010A733 /* TrailerResults.graphql.swift */; };
		56C2352C29BBB1550010A733 /* ProductionCompany.graphql.swift in Sources */ = {isa = PBXBuildFile; fileRef = 56C2351529BBB1550010A733 /* ProductionCompany.graphql.swift */; };
		56C2352D29BBB1550010A733 /* SchemaConfiguration.swift in Sources */ = {isa = PBXBuildFile; fileRef = 56C2351629BBB1550010A733 /* SchemaConfiguration.swift */; };
		56C2352E29BBB1550010A733 /* SchemaMetadata.graphql.swift in Sources */ = {isa = PBXBuildFile; fileRef = 56C2351729BBB1550010A733 /* SchemaMetadata.graphql.swift */; };
		56C2352F29BBB1550010A733 /* MovieQuery.graphql.swift in Sources */ = {isa = PBXBuildFile; fileRef = 56C2351A29BBB1550010A733 /* MovieQuery.graphql.swift */; };
		56C2353029BBB1550010A733 /* MovieExtrasQuery.graphql.swift in Sources */ = {isa = PBXBuildFile; fileRef = 56C2351B29BBB1550010A733 /* MovieExtrasQuery.graphql.swift */; };
		56C2353129BBB1550010A733 /* HomeQuery.graphql.swift in Sources */ = {isa = PBXBuildFile; fileRef = 56C2351C29BBB1550010A733 /* HomeQuery.graphql.swift */; };
/* End PBXBuildFile section */

/* Begin PBXContainerItemProxy section */
		56012BAB29B832DB00E2E5A9 /* PBXContainerItemProxy */ = {
			isa = PBXContainerItemProxy;
			containerPortal = 56012B9229B832D800E2E5A9 /* Project object */;
			proxyType = 1;
			remoteGlobalIDString = 56012B9929B832D900E2E5A9;
			remoteInfo = WatchWhat;
		};
		56012BB529B832DB00E2E5A9 /* PBXContainerItemProxy */ = {
			isa = PBXContainerItemProxy;
			containerPortal = 56012B9229B832D800E2E5A9 /* Project object */;
			proxyType = 1;
			remoteGlobalIDString = 56012B9929B832D900E2E5A9;
			remoteInfo = WatchWhat;
		};
/* End PBXContainerItemProxy section */

/* Begin PBXFileReference section */
		56012B9A29B832D900E2E5A9 /* WatchWhat.app */ = {isa = PBXFileReference; explicitFileType = wrapper.application; includeInIndex = 0; path = WatchWhat.app; sourceTree = BUILT_PRODUCTS_DIR; };
		56012B9D29B832D900E2E5A9 /* WatchWhatApp.swift */ = {isa = PBXFileReference; lastKnownFileType = sourcecode.swift; path = WatchWhatApp.swift; sourceTree = "<group>"; };
		56012B9F29B832D900E2E5A9 /* ContentView.swift */ = {isa = PBXFileReference; lastKnownFileType = sourcecode.swift; path = ContentView.swift; sourceTree = "<group>"; };
		56012BA129B832DA00E2E5A9 /* Assets.xcassets */ = {isa = PBXFileReference; lastKnownFileType = folder.assetcatalog; path = Assets.xcassets; sourceTree = "<group>"; };
		56012BA429B832DA00E2E5A9 /* Preview Assets.xcassets */ = {isa = PBXFileReference; lastKnownFileType = folder.assetcatalog; path = "Preview Assets.xcassets"; sourceTree = "<group>"; };
		56012BAA29B832DB00E2E5A9 /* WatchWhatTests.xctest */ = {isa = PBXFileReference; explicitFileType = wrapper.cfbundle; includeInIndex = 0; path = WatchWhatTests.xctest; sourceTree = BUILT_PRODUCTS_DIR; };
		56012BAE29B832DB00E2E5A9 /* WatchWhatTests.swift */ = {isa = PBXFileReference; lastKnownFileType = sourcecode.swift; path = WatchWhatTests.swift; sourceTree = "<group>"; };
		56012BB429B832DB00E2E5A9 /* WatchWhatUITests.xctest */ = {isa = PBXFileReference; explicitFileType = wrapper.cfbundle; includeInIndex = 0; path = WatchWhatUITests.xctest; sourceTree = BUILT_PRODUCTS_DIR; };
		56012BB829B832DB00E2E5A9 /* WatchWhatUITests.swift */ = {isa = PBXFileReference; lastKnownFileType = sourcecode.swift; path = WatchWhatUITests.swift; sourceTree = "<group>"; };
		56012BBA29B832DB00E2E5A9 /* WatchWhatUITestsLaunchTests.swift */ = {isa = PBXFileReference; lastKnownFileType = sourcecode.swift; path = WatchWhatUITestsLaunchTests.swift; sourceTree = "<group>"; };
		56012BC729B832EF00E2E5A9 /* Local.xcconfig */ = {isa = PBXFileReference; lastKnownFileType = text.xcconfig; path = Local.xcconfig; sourceTree = "<group>"; };
		56C233EE29B9682D0010A733 /* Configuration.swift */ = {isa = PBXFileReference; lastKnownFileType = sourcecode.swift; path = Configuration.swift; sourceTree = "<group>"; };
		56C233F429B96B660010A733 /* WatchWhat.swift */ = {isa = PBXFileReference; lastKnownFileType = sourcecode.swift; path = WatchWhat.swift; sourceTree = "<group>"; };
		56C233F629B96C8B0010A733 /* Palette.swift */ = {isa = PBXFileReference; lastKnownFileType = sourcecode.swift; path = Palette.swift; sourceTree = "<group>"; };
		56C233F829B973B60010A733 /* HomeData.swift */ = {isa = PBXFileReference; lastKnownFileType = sourcecode.swift; path = HomeData.swift; sourceTree = "<group>"; };
		56C233FA29B97DB70010A733 /* Background.swift */ = {isa = PBXFileReference; lastKnownFileType = sourcecode.swift; path = Background.swift; sourceTree = "<group>"; };
		56C2340829B9A4020010A733 /* Rajdhani-Bold.ttf */ = {isa = PBXFileReference; lastKnownFileType = file; path = "Rajdhani-Bold.ttf"; sourceTree = "<group>"; };
		56C2340929B9A4020010A733 /* Rajdhani-Light.ttf */ = {isa = PBXFileReference; lastKnownFileType = file; path = "Rajdhani-Light.ttf"; sourceTree = "<group>"; };
		56C2340A29B9A4020010A733 /* Rajdhani-SemiBold.ttf */ = {isa = PBXFileReference; lastKnownFileType = file; path = "Rajdhani-SemiBold.ttf"; sourceTree = "<group>"; };
		56C2340B29B9A4020010A733 /* Rajdhani-Regular.ttf */ = {isa = PBXFileReference; lastKnownFileType = file; path = "Rajdhani-Regular.ttf"; sourceTree = "<group>"; };
		56C2340C29B9A4020010A733 /* Rajdhani-Medium.ttf */ = {isa = PBXFileReference; lastKnownFileType = file; path = "Rajdhani-Medium.ttf"; sourceTree = "<group>"; };
		56C2341529BA81730010A733 /* home.graphql */ = {isa = PBXFileReference; lastKnownFileType = text; path = home.graphql; sourceTree = "<group>"; };
		56C2341729BA85390010A733 /* schema.graphqls */ = {isa = PBXFileReference; fileEncoding = 4; lastKnownFileType = text; path = schema.graphqls; sourceTree = "<group>"; };
		56C2342B29BA86610010A733 /* Aliases.swift */ = {isa = PBXFileReference; lastKnownFileType = sourcecode.swift; path = Aliases.swift; sourceTree = "<group>"; };
		56C2343F29BA8EB10010A733 /* HomeView.swift */ = {isa = PBXFileReference; lastKnownFileType = sourcecode.swift; path = HomeView.swift; sourceTree = "<group>"; };
		56C2344129BA8EF00010A733 /* MovieList.swift */ = {isa = PBXFileReference; lastKnownFileType = sourcecode.swift; path = MovieList.swift; sourceTree = "<group>"; };
		56C2344329BA8F090010A733 /* MovieItem.swift */ = {isa = PBXFileReference; lastKnownFileType = sourcecode.swift; path = MovieItem.swift; sourceTree = "<group>"; };
		56C2344F29BA92070010A733 /* WatchWhatSchema.graphql.swift */ = {isa = PBXFileReference; fileEncoding = 4; lastKnownFileType = sourcecode.swift; path = WatchWhatSchema.graphql.swift; sourceTree = "<group>"; };
		56C2345B29BAB6DB0010A733 /* movie.graphql */ = {isa = PBXFileReference; lastKnownFileType = text; path = movie.graphql; sourceTree = "<group>"; };
		56C2349129BAB7B70010A733 /* MovieDetail.swift */ = {isa = PBXFileReference; lastKnownFileType = sourcecode.swift; path = MovieDetail.swift; sourceTree = "<group>"; };
		56C2349329BAB82C0010A733 /* MovieData.swift */ = {isa = PBXFileReference; lastKnownFileType = sourcecode.swift; path = MovieData.swift; sourceTree = "<group>"; };
		56C2349529BABD8F0010A733 /* ModelData.swift */ = {isa = PBXFileReference; lastKnownFileType = sourcecode.swift; path = ModelData.swift; sourceTree = "<group>"; };
		56C2349729BAD5720010A733 /* MoviePoster.swift */ = {isa = PBXFileReference; lastKnownFileType = sourcecode.swift; path = MoviePoster.swift; sourceTree = "<group>"; };
		56C2349929BADE090010A733 /* UrlImageModel.swift */ = {isa = PBXFileReference; lastKnownFileType = sourcecode.swift; path = UrlImageModel.swift; sourceTree = "<group>"; };
		56C2349B29BAE5F30010A733 /* Release.xcconfig */ = {isa = PBXFileReference; lastKnownFileType = text.xcconfig; path = Release.xcconfig; sourceTree = "<group>"; };
		56C2349C29BB20770010A733 /* SplashView.swift */ = {isa = PBXFileReference; lastKnownFileType = sourcecode.swift; path = SplashView.swift; sourceTree = "<group>"; };
		56C234A629BBAF780010A733 /* movie-extras.graphql */ = {isa = PBXFileReference; lastKnownFileType = text; path = "movie-extras.graphql"; sourceTree = "<group>"; };
		56C2350629BBB1550010A733 /* ProductionCountry.graphql.swift */ = {isa = PBXFileReference; fileEncoding = 4; lastKnownFileType = sourcecode.swift; path = ProductionCountry.graphql.swift; sourceTree = "<group>"; };
		56C2350729BBB1550010A733 /* Recommendation.graphql.swift */ = {isa = PBXFileReference; fileEncoding = 4; lastKnownFileType = sourcecode.swift; path = Recommendation.graphql.swift; sourceTree = "<group>"; };
		56C2350829BBB1550010A733 /* Home.graphql.swift */ = {isa = PBXFileReference; fileEncoding = 4; lastKnownFileType = sourcecode.swift; path = Home.graphql.swift; sourceTree = "<group>"; };
		56C2350929BBB1550010A733 /* Movie.graphql.swift */ = {isa = PBXFileReference; fileEncoding = 4; lastKnownFileType = sourcecode.swift; path = Movie.graphql.swift; sourceTree = "<group>"; };
		56C2350A29BBB1550010A733 /* MovieDetails.graphql.swift */ = {isa = PBXFileReference; fileEncoding = 4; lastKnownFileType = sourcecode.swift; path = MovieDetails.graphql.swift; sourceTree = "<group>"; };
		56C2350B29BBB1550010A733 /* PaginatedRecommendations.graphql.swift */ = {isa = PBXFileReference; fileEncoding = 4; lastKnownFileType = sourcecode.swift; path = PaginatedRecommendations.graphql.swift; sourceTree = "<group>"; };
		56C2350C29BBB1550010A733 /* Crew.graphql.swift */ = {isa = PBXFileReference; fileEncoding = 4; lastKnownFileType = sourcecode.swift; path = Crew.graphql.swift; sourceTree = "<group>"; };
		56C2350D29BBB1550010A733 /* SpokenLanguages.graphql.swift */ = {isa = PBXFileReference; fileEncoding = 4; lastKnownFileType = sourcecode.swift; path = SpokenLanguages.graphql.swift; sourceTree = "<group>"; };
		56C2350E29BBB1550010A733 /* Query.graphql.swift */ = {isa = PBXFileReference; fileEncoding = 4; lastKnownFileType = sourcecode.swift; path = Query.graphql.swift; sourceTree = "<group>"; };
		56C2350F29BBB1550010A733 /* Trailer.graphql.swift */ = {isa = PBXFileReference; fileEncoding = 4; lastKnownFileType = sourcecode.swift; path = Trailer.graphql.swift; sourceTree = "<group>"; };
		56C2351029BBB1550010A733 /* Credits.graphql.swift */ = {isa = PBXFileReference; fileEncoding = 4; lastKnownFileType = sourcecode.swift; path = Credits.graphql.swift; sourceTree = "<group>"; };
		56C2351129BBB1550010A733 /* GroupedMovies.graphql.swift */ = {isa = PBXFileReference; fileEncoding = 4; lastKnownFileType = sourcecode.swift; path = GroupedMovies.graphql.swift; sourceTree = "<group>"; };
		56C2351229BBB1550010A733 /* Genre.graphql.swift */ = {isa = PBXFileReference; fileEncoding = 4; lastKnownFileType = sourcecode.swift; path = Genre.graphql.swift; sourceTree = "<group>"; };
		56C2351329BBB1550010A733 /* Cast.graphql.swift */ = {isa = PBXFileReference; fileEncoding = 4; lastKnownFileType = sourcecode.swift; path = Cast.graphql.swift; sourceTree = "<group>"; };
		56C2351429BBB1550010A733 /* TrailerResults.graphql.swift */ = {isa = PBXFileReference; fileEncoding = 4; lastKnownFileType = sourcecode.swift; path = TrailerResults.graphql.swift; sourceTree = "<group>"; };
		56C2351529BBB1550010A733 /* ProductionCompany.graphql.swift */ = {isa = PBXFileReference; fileEncoding = 4; lastKnownFileType = sourcecode.swift; path = ProductionCompany.graphql.swift; sourceTree = "<group>"; };
		56C2351629BBB1550010A733 /* SchemaConfiguration.swift */ = {isa = PBXFileReference; fileEncoding = 4; lastKnownFileType = sourcecode.swift; path = SchemaConfiguration.swift; sourceTree = "<group>"; };
		56C2351729BBB1550010A733 /* SchemaMetadata.graphql.swift */ = {isa = PBXFileReference; fileEncoding = 4; lastKnownFileType = sourcecode.swift; path = SchemaMetadata.graphql.swift; sourceTree = "<group>"; };
		56C2351A29BBB1550010A733 /* MovieQuery.graphql.swift */ = {isa = PBXFileReference; fileEncoding = 4; lastKnownFileType = sourcecode.swift; path = MovieQuery.graphql.swift; sourceTree = "<group>"; };
		56C2351B29BBB1550010A733 /* MovieExtrasQuery.graphql.swift */ = {isa = PBXFileReference; fileEncoding = 4; lastKnownFileType = sourcecode.swift; path = MovieExtrasQuery.graphql.swift; sourceTree = "<group>"; };
		56C2351C29BBB1550010A733 /* HomeQuery.graphql.swift */ = {isa = PBXFileReference; fileEncoding = 4; lastKnownFileType = sourcecode.swift; path = HomeQuery.graphql.swift; sourceTree = "<group>"; };
/* End PBXFileReference section */

/* Begin PBXFrameworksBuildPhase section */
		56012B9729B832D900E2E5A9 /* Frameworks */ = {
			isa = PBXFrameworksBuildPhase;
			buildActionMask = 2147483647;
			files = (
				56012BCB29B8353E00E2E5A9 /* Apollo in Frameworks */,
			);
			runOnlyForDeploymentPostprocessing = 0;
		};
		56012BA729B832DB00E2E5A9 /* Frameworks */ = {
			isa = PBXFrameworksBuildPhase;
			buildActionMask = 2147483647;
			files = (
			);
			runOnlyForDeploymentPostprocessing = 0;
		};
		56012BB129B832DB00E2E5A9 /* Frameworks */ = {
			isa = PBXFrameworksBuildPhase;
			buildActionMask = 2147483647;
			files = (
			);
			runOnlyForDeploymentPostprocessing = 0;
		};
/* End PBXFrameworksBuildPhase section */

/* Begin PBXGroup section */
		56012B9129B832D800E2E5A9 = {
			isa = PBXGroup;
			children = (
				56012B9C29B832D900E2E5A9 /* WatchWhat */,
				56012BAD29B832DB00E2E5A9 /* WatchWhatTests */,
				56012BB729B832DB00E2E5A9 /* WatchWhatUITests */,
				56012B9B29B832D900E2E5A9 /* Products */,
			);
			sourceTree = "<group>";
		};
		56012B9B29B832D900E2E5A9 /* Products */ = {
			isa = PBXGroup;
			children = (
				56012B9A29B832D900E2E5A9 /* WatchWhat.app */,
				56012BAA29B832DB00E2E5A9 /* WatchWhatTests.xctest */,
				56012BB429B832DB00E2E5A9 /* WatchWhatUITests.xctest */,
			);
			name = Products;
			sourceTree = "<group>";
		};
		56012B9C29B832D900E2E5A9 /* WatchWhat */ = {
			isa = PBXGroup;
			children = (
				56012BC729B832EF00E2E5A9 /* Local.xcconfig */,
				56C2349B29BAE5F30010A733 /* Release.xcconfig */,
				56012B9D29B832D900E2E5A9 /* WatchWhatApp.swift */,
				56012BA129B832DA00E2E5A9 /* Assets.xcassets */,
				56012BA329B832DA00E2E5A9 /* Preview Content */,
				56C2340729B9A3E10010A733 /* Fonts */,
				56C233F229B9694C0010A733 /* Shared */,
				56C233F029B968340010A733 /* Models */,
				56C233F129B9692B0010A733 /* Views */,
				56C232EB29B8F9440010A733 /* GraphQL */,
			);
			path = WatchWhat;
			sourceTree = "<group>";
		};
		56012BA329B832DA00E2E5A9 /* Preview Content */ = {
			isa = PBXGroup;
			children = (
				56012BA429B832DA00E2E5A9 /* Preview Assets.xcassets */,
			);
			path = "Preview Content";
			sourceTree = "<group>";
		};
		56012BAD29B832DB00E2E5A9 /* WatchWhatTests */ = {
			isa = PBXGroup;
			children = (
				56012BAE29B832DB00E2E5A9 /* WatchWhatTests.swift */,
			);
			path = WatchWhatTests;
			sourceTree = "<group>";
		};
		56012BB729B832DB00E2E5A9 /* WatchWhatUITests */ = {
			isa = PBXGroup;
			children = (
				56012BB829B832DB00E2E5A9 /* WatchWhatUITests.swift */,
				56012BBA29B832DB00E2E5A9 /* WatchWhatUITestsLaunchTests.swift */,
			);
			path = WatchWhatUITests;
			sourceTree = "<group>";
		};
		56C232EB29B8F9440010A733 /* GraphQL */ = {
			isa = PBXGroup;
			children = (
				56C2342B29BA86610010A733 /* Aliases.swift */,
				56C2344F29BA92070010A733 /* WatchWhatSchema.graphql.swift */,
				56C2351829BBB1550010A733 /* Operations */,
				56C2350429BBB1550010A733 /* Schema */,
				56C233F329B9699B0010A733 /* Src */,
			);
			path = GraphQL;
			sourceTree = "<group>";
		};
		56C233F029B968340010A733 /* Models */ = {
			isa = PBXGroup;
			children = (
				56C2349529BABD8F0010A733 /* ModelData.swift */,
				56C233F829B973B60010A733 /* HomeData.swift */,
				56C2349329BAB82C0010A733 /* MovieData.swift */,
				56C2349929BADE090010A733 /* UrlImageModel.swift */,
			);
			path = Models;
			sourceTree = "<group>";
		};
		56C233F129B9692B0010A733 /* Views */ = {
			isa = PBXGroup;
			children = (
				56012B9F29B832D900E2E5A9 /* ContentView.swift */,
				56C2349C29BB20770010A733 /* SplashView.swift */,
				56C233FC29B97DBD0010A733 /* Shared */,
				56C233FD29B97DC80010A733 /* Home */,
				56C2349029BAB7A60010A733 /* MovieDetail */,
			);
			path = Views;
			sourceTree = "<group>";
		};
		56C233F229B9694C0010A733 /* Shared */ = {
			isa = PBXGroup;
			children = (
				56C233F629B96C8B0010A733 /* Palette.swift */,
				56C233F429B96B660010A733 /* WatchWhat.swift */,
				56C233EE29B9682D0010A733 /* Configuration.swift */,
			);
			path = Shared;
			sourceTree = "<group>";
		};
		56C233F329B9699B0010A733 /* Src */ = {
			isa = PBXGroup;
			children = (
				56C2341729BA85390010A733 /* schema.graphqls */,
				56C2341529BA81730010A733 /* home.graphql */,
				56C2345B29BAB6DB0010A733 /* movie.graphql */,
				56C234A629BBAF780010A733 /* movie-extras.graphql */,
			);
			path = Src;
			sourceTree = "<group>";
		};
		56C233FC29B97DBD0010A733 /* Shared */ = {
			isa = PBXGroup;
			children = (
				56C233FA29B97DB70010A733 /* Background.swift */,
				56C2344129BA8EF00010A733 /* MovieList.swift */,
				56C2344329BA8F090010A733 /* MovieItem.swift */,
				56C2349729BAD5720010A733 /* MoviePoster.swift */,
			);
			path = Shared;
			sourceTree = "<group>";
		};
		56C233FD29B97DC80010A733 /* Home */ = {
			isa = PBXGroup;
			children = (
				56C2343F29BA8EB10010A733 /* HomeView.swift */,
			);
			path = Home;
			sourceTree = "<group>";
		};
		56C2340729B9A3E10010A733 /* Fonts */ = {
			isa = PBXGroup;
			children = (
				56C2340829B9A4020010A733 /* Rajdhani-Bold.ttf */,
				56C2340929B9A4020010A733 /* Rajdhani-Light.ttf */,
				56C2340C29B9A4020010A733 /* Rajdhani-Medium.ttf */,
				56C2340B29B9A4020010A733 /* Rajdhani-Regular.ttf */,
				56C2340A29B9A4020010A733 /* Rajdhani-SemiBold.ttf */,
			);
			path = Fonts;
			sourceTree = "<group>";
		};
		56C2349029BAB7A60010A733 /* MovieDetail */ = {
			isa = PBXGroup;
			children = (
				56C2349129BAB7B70010A733 /* MovieDetail.swift */,
			);
			path = MovieDetail;
			sourceTree = "<group>";
		};
		56C2350429BBB1550010A733 /* Schema */ = {
			isa = PBXGroup;
			children = (
				56C2350529BBB1550010A733 /* Objects */,
				56C2351629BBB1550010A733 /* SchemaConfiguration.swift */,
				56C2351729BBB1550010A733 /* SchemaMetadata.graphql.swift */,
			);
			path = Schema;
			sourceTree = "<group>";
		};
		56C2350529BBB1550010A733 /* Objects */ = {
			isa = PBXGroup;
			children = (
				56C2350629BBB1550010A733 /* ProductionCountry.graphql.swift */,
				56C2350729BBB1550010A733 /* Recommendation.graphql.swift */,
				56C2350829BBB1550010A733 /* Home.graphql.swift */,
				56C2350929BBB1550010A733 /* Movie.graphql.swift */,
				56C2350A29BBB1550010A733 /* MovieDetails.graphql.swift */,
				56C2350B29BBB1550010A733 /* PaginatedRecommendations.graphql.swift */,
				56C2350C29BBB1550010A733 /* Crew.graphql.swift */,
				56C2350D29BBB1550010A733 /* SpokenLanguages.graphql.swift */,
				56C2350E29BBB1550010A733 /* Query.graphql.swift */,
				56C2350F29BBB1550010A733 /* Trailer.graphql.swift */,
				56C2351029BBB1550010A733 /* Credits.graphql.swift */,
				56C2351129BBB1550010A733 /* GroupedMovies.graphql.swift */,
				56C2351229BBB1550010A733 /* Genre.graphql.swift */,
				56C2351329BBB1550010A733 /* Cast.graphql.swift */,
				56C2351429BBB1550010A733 /* TrailerResults.graphql.swift */,
				56C2351529BBB1550010A733 /* ProductionCompany.graphql.swift */,
			);
			path = Objects;
			sourceTree = "<group>";
		};
		56C2351829BBB1550010A733 /* Operations */ = {
			isa = PBXGroup;
			children = (
				56C2351929BBB1550010A733 /* Queries */,
			);
			path = Operations;
			sourceTree = "<group>";
		};
		56C2351929BBB1550010A733 /* Queries */ = {
			isa = PBXGroup;
			children = (
				56C2351A29BBB1550010A733 /* MovieQuery.graphql.swift */,
				56C2351B29BBB1550010A733 /* MovieExtrasQuery.graphql.swift */,
				56C2351C29BBB1550010A733 /* HomeQuery.graphql.swift */,
			);
			path = Queries;
			sourceTree = "<group>";
		};
/* End PBXGroup section */

/* Begin PBXNativeTarget section */
		56012B9929B832D900E2E5A9 /* WatchWhat */ = {
			isa = PBXNativeTarget;
			buildConfigurationList = 56012BBE29B832DB00E2E5A9 /* Build configuration list for PBXNativeTarget "WatchWhat" */;
			buildPhases = (
				56012B9629B832D900E2E5A9 /* Sources */,
				56012B9729B832D900E2E5A9 /* Frameworks */,
				56012B9829B832D900E2E5A9 /* Resources */,
			);
			buildRules = (
			);
			dependencies = (
			);
			name = WatchWhat;
			packageProductDependencies = (
				56012BCA29B8353E00E2E5A9 /* Apollo */,
			);
			productName = WatchWhat;
			productReference = 56012B9A29B832D900E2E5A9 /* WatchWhat.app */;
			productType = "com.apple.product-type.application";
		};
		56012BA929B832DB00E2E5A9 /* WatchWhatTests */ = {
			isa = PBXNativeTarget;
			buildConfigurationList = 56012BC129B832DB00E2E5A9 /* Build configuration list for PBXNativeTarget "WatchWhatTests" */;
			buildPhases = (
				56012BA629B832DB00E2E5A9 /* Sources */,
				56012BA729B832DB00E2E5A9 /* Frameworks */,
				56012BA829B832DB00E2E5A9 /* Resources */,
			);
			buildRules = (
			);
			dependencies = (
				56012BAC29B832DB00E2E5A9 /* PBXTargetDependency */,
			);
			name = WatchWhatTests;
			productName = WatchWhatTests;
			productReference = 56012BAA29B832DB00E2E5A9 /* WatchWhatTests.xctest */;
			productType = "com.apple.product-type.bundle.unit-test";
		};
		56012BB329B832DB00E2E5A9 /* WatchWhatUITests */ = {
			isa = PBXNativeTarget;
			buildConfigurationList = 56012BC429B832DB00E2E5A9 /* Build configuration list for PBXNativeTarget "WatchWhatUITests" */;
			buildPhases = (
				56012BB029B832DB00E2E5A9 /* Sources */,
				56012BB129B832DB00E2E5A9 /* Frameworks */,
				56012BB229B832DB00E2E5A9 /* Resources */,
			);
			buildRules = (
			);
			dependencies = (
				56012BB629B832DB00E2E5A9 /* PBXTargetDependency */,
			);
			name = WatchWhatUITests;
			productName = WatchWhatUITests;
			productReference = 56012BB429B832DB00E2E5A9 /* WatchWhatUITests.xctest */;
			productType = "com.apple.product-type.bundle.ui-testing";
		};
/* End PBXNativeTarget section */

/* Begin PBXProject section */
		56012B9229B832D800E2E5A9 /* Project object */ = {
			isa = PBXProject;
			attributes = {
				BuildIndependentTargetsInParallel = 1;
				LastSwiftUpdateCheck = 1420;
				LastUpgradeCheck = 1420;
				TargetAttributes = {
					56012B9929B832D900E2E5A9 = {
						CreatedOnToolsVersion = 14.2;
					};
					56012BA929B832DB00E2E5A9 = {
						CreatedOnToolsVersion = 14.2;
						TestTargetID = 56012B9929B832D900E2E5A9;
					};
					56012BB329B832DB00E2E5A9 = {
						CreatedOnToolsVersion = 14.2;
						TestTargetID = 56012B9929B832D900E2E5A9;
					};
				};
			};
			buildConfigurationList = 56012B9529B832D800E2E5A9 /* Build configuration list for PBXProject "WatchWhat" */;
			compatibilityVersion = "Xcode 14.0";
			developmentRegion = en;
			hasScannedForEncodings = 0;
			knownRegions = (
				en,
				Base,
			);
			mainGroup = 56012B9129B832D800E2E5A9;
			packageReferences = (
				56012BC929B8353E00E2E5A9 /* XCRemoteSwiftPackageReference "apollo-ios" */,
			);
			productRefGroup = 56012B9B29B832D900E2E5A9 /* Products */;
			projectDirPath = "";
			projectRoot = "";
			targets = (
				56012B9929B832D900E2E5A9 /* WatchWhat */,
				56012BA929B832DB00E2E5A9 /* WatchWhatTests */,
				56012BB329B832DB00E2E5A9 /* WatchWhatUITests */,
			);
		};
/* End PBXProject section */

/* Begin PBXResourcesBuildPhase section */
		56012B9829B832D900E2E5A9 /* Resources */ = {
			isa = PBXResourcesBuildPhase;
			buildActionMask = 2147483647;
			files = (
				56C2341129B9A4400010A733 /* Rajdhani-SemiBold.ttf in Resources */,
				56012BA529B832DA00E2E5A9 /* Preview Assets.xcassets in Resources */,
				56C2340D29B9A4350010A733 /* Rajdhani-Bold.ttf in Resources */,
				56C2340E29B9A4380010A733 /* Rajdhani-Light.ttf in Resources */,
				56C2341029B9A43D0010A733 /* Rajdhani-Regular.ttf in Resources */,
				56C2340F29B9A43B0010A733 /* Rajdhani-Medium.ttf in Resources */,
				56C2341829BA85390010A733 /* schema.graphqls in Resources */,
				56012BA229B832DA00E2E5A9 /* Assets.xcassets in Resources */,
			);
			runOnlyForDeploymentPostprocessing = 0;
		};
		56012BA829B832DB00E2E5A9 /* Resources */ = {
			isa = PBXResourcesBuildPhase;
			buildActionMask = 2147483647;
			files = (
			);
			runOnlyForDeploymentPostprocessing = 0;
		};
		56012BB229B832DB00E2E5A9 /* Resources */ = {
			isa = PBXResourcesBuildPhase;
			buildActionMask = 2147483647;
			files = (
			);
			runOnlyForDeploymentPostprocessing = 0;
		};
/* End PBXResourcesBuildPhase section */

/* Begin PBXSourcesBuildPhase section */
		56012B9629B832D900E2E5A9 /* Sources */ = {
			isa = PBXSourcesBuildPhase;
			buildActionMask = 2147483647;
			files = (
				56C2351D29BBB1550010A733 /* ProductionCountry.graphql.swift in Sources */,
				56012BA029B832D900E2E5A9 /* ContentView.swift in Sources */,
				56C2342C29BA86610010A733 /* Aliases.swift in Sources */,
				56C2344029BA8EB10010A733 /* HomeView.swift in Sources */,
				56C2345929BA92070010A733 /* WatchWhatSchema.graphql.swift in Sources */,
				56C233F529B96B660010A733 /* WatchWhat.swift in Sources */,
				56C2352F29BBB1550010A733 /* MovieQuery.graphql.swift in Sources */,
				56C2349829BAD5720010A733 /* MoviePoster.swift in Sources */,
				56C2352E29BBB1550010A733 /* SchemaMetadata.graphql.swift in Sources */,
				56C2352529BBB1550010A733 /* Query.graphql.swift in Sources */,
				56C233F729B96C8B0010A733 /* Palette.swift in Sources */,
				56C2352129BBB1550010A733 /* MovieDetails.graphql.swift in Sources */,
				56C2349429BAB82C0010A733 /* MovieData.swift in Sources */,
				56C2349D29BB20770010A733 /* SplashView.swift in Sources */,
				56C2351E29BBB1550010A733 /* Recommendation.graphql.swift in Sources */,
				56C2351F29BBB1550010A733 /* Home.graphql.swift in Sources */,
				56C2352C29BBB1550010A733 /* ProductionCompany.graphql.swift in Sources */,
				56C2352829BBB1550010A733 /* GroupedMovies.graphql.swift in Sources */,
				56C233F929B973B60010A733 /* HomeData.swift in Sources */,
				56C233EF29B9682D0010A733 /* Configuration.swift in Sources */,
				56012B9E29B832D900E2E5A9 /* WatchWhatApp.swift in Sources */,
				56C2353029BBB1550010A733 /* MovieExtrasQuery.graphql.swift in Sources */,
				56C2341629BA81730010A733 /* home.graphql in Sources */,
				56C2349229BAB7B70010A733 /* MovieDetail.swift in Sources */,
				56C2352229BBB1550010A733 /* PaginatedRecommendations.graphql.swift in Sources */,
				56C2352B29BBB1550010A733 /* TrailerResults.graphql.swift in Sources */,
				56C2352A29BBB1550010A733 /* Cast.graphql.swift in Sources */,
				56C2352429BBB1550010A733 /* SpokenLanguages.graphql.swift in Sources */,
				56C234A729BBAF780010A733 /* movie-extras.graphql in Sources */,
				56C2344229BA8EF00010A733 /* MovieList.swift in Sources */,
				56C2349629BABD8F0010A733 /* ModelData.swift in Sources */,
				56C233FB29B97DB70010A733 /* Background.swift in Sources */,
				56C2352929BBB1550010A733 /* Genre.graphql.swift in Sources */,
				56C2345C29BAB6DB0010A733 /* movie.graphql in Sources */,
				56C2352029BBB1550010A733 /* Movie.graphql.swift in Sources */,
				56C2352729BBB1550010A733 /* Credits.graphql.swift in Sources */,
				56C2353129BBB1550010A733 /* HomeQuery.graphql.swift in Sources */,
				56C2352629BBB1550010A733 /* Trailer.graphql.swift in Sources */,
				56C2349A29BADE090010A733 /* UrlImageModel.swift in Sources */,
				56C2352D29BBB1550010A733 /* SchemaConfiguration.swift in Sources */,
				56C2344429BA8F090010A733 /* MovieItem.swift in Sources */,
				56C2352329BBB1550010A733 /* Crew.graphql.swift in Sources */,
			);
			runOnlyForDeploymentPostprocessing = 0;
		};
		56012BA629B832DB00E2E5A9 /* Sources */ = {
			isa = PBXSourcesBuildPhase;
			buildActionMask = 2147483647;
			files = (
				56012BAF29B832DB00E2E5A9 /* WatchWhatTests.swift in Sources */,
			);
			runOnlyForDeploymentPostprocessing = 0;
		};
		56012BB029B832DB00E2E5A9 /* Sources */ = {
			isa = PBXSourcesBuildPhase;
			buildActionMask = 2147483647;
			files = (
				56012BBB29B832DB00E2E5A9 /* WatchWhatUITestsLaunchTests.swift in Sources */,
				56012BB929B832DB00E2E5A9 /* WatchWhatUITests.swift in Sources */,
			);
			runOnlyForDeploymentPostprocessing = 0;
		};
/* End PBXSourcesBuildPhase section */

/* Begin PBXTargetDependency section */
		56012BAC29B832DB00E2E5A9 /* PBXTargetDependency */ = {
			isa = PBXTargetDependency;
			target = 56012B9929B832D900E2E5A9 /* WatchWhat */;
			targetProxy = 56012BAB29B832DB00E2E5A9 /* PBXContainerItemProxy */;
		};
		56012BB629B832DB00E2E5A9 /* PBXTargetDependency */ = {
			isa = PBXTargetDependency;
			target = 56012B9929B832D900E2E5A9 /* WatchWhat */;
			targetProxy = 56012BB529B832DB00E2E5A9 /* PBXContainerItemProxy */;
		};
/* End PBXTargetDependency section */

/* Begin XCBuildConfiguration section */
		56012BBC29B832DB00E2E5A9 /* Debug */ = {
			isa = XCBuildConfiguration;
			baseConfigurationReference = 56012BC729B832EF00E2E5A9 /* Local.xcconfig */;
			buildSettings = {
				ALWAYS_SEARCH_USER_PATHS = NO;
				CLANG_ANALYZER_NONNULL = YES;
				CLANG_ANALYZER_NUMBER_OBJECT_CONVERSION = YES_AGGRESSIVE;
				CLANG_CXX_LANGUAGE_STANDARD = "gnu++20";
				CLANG_ENABLE_MODULES = YES;
				CLANG_ENABLE_OBJC_ARC = YES;
				CLANG_ENABLE_OBJC_WEAK = YES;
				CLANG_WARN_BLOCK_CAPTURE_AUTORELEASING = YES;
				CLANG_WARN_BOOL_CONVERSION = YES;
				CLANG_WARN_COMMA = YES;
				CLANG_WARN_CONSTANT_CONVERSION = YES;
				CLANG_WARN_DEPRECATED_OBJC_IMPLEMENTATIONS = YES;
				CLANG_WARN_DIRECT_OBJC_ISA_USAGE = YES_ERROR;
				CLANG_WARN_DOCUMENTATION_COMMENTS = YES;
				CLANG_WARN_EMPTY_BODY = YES;
				CLANG_WARN_ENUM_CONVERSION = YES;
				CLANG_WARN_INFINITE_RECURSION = YES;
				CLANG_WARN_INT_CONVERSION = YES;
				CLANG_WARN_NON_LITERAL_NULL_CONVERSION = YES;
				CLANG_WARN_OBJC_IMPLICIT_RETAIN_SELF = YES;
				CLANG_WARN_OBJC_LITERAL_CONVERSION = YES;
				CLANG_WARN_OBJC_ROOT_CLASS = YES_ERROR;
				CLANG_WARN_QUOTED_INCLUDE_IN_FRAMEWORK_HEADER = YES;
				CLANG_WARN_RANGE_LOOP_ANALYSIS = YES;
				CLANG_WARN_STRICT_PROTOTYPES = YES;
				CLANG_WARN_SUSPICIOUS_MOVE = YES;
				CLANG_WARN_UNGUARDED_AVAILABILITY = YES_AGGRESSIVE;
				CLANG_WARN_UNREACHABLE_CODE = YES;
				CLANG_WARN__DUPLICATE_METHOD_MATCH = YES;
				COPY_PHASE_STRIP = NO;
				DEBUG_INFORMATION_FORMAT = dwarf;
				ENABLE_STRICT_OBJC_MSGSEND = YES;
				ENABLE_TESTABILITY = YES;
				GCC_C_LANGUAGE_STANDARD = gnu11;
				GCC_DYNAMIC_NO_PIC = NO;
				GCC_NO_COMMON_BLOCKS = YES;
				GCC_OPTIMIZATION_LEVEL = 0;
				GCC_PREPROCESSOR_DEFINITIONS = (
					"DEBUG=1",
					"$(inherited)",
				);
				GCC_WARN_64_TO_32_BIT_CONVERSION = YES;
				GCC_WARN_ABOUT_RETURN_TYPE = YES_ERROR;
				GCC_WARN_UNDECLARED_SELECTOR = YES;
				GCC_WARN_UNINITIALIZED_AUTOS = YES_AGGRESSIVE;
				GCC_WARN_UNUSED_FUNCTION = YES;
				GCC_WARN_UNUSED_VARIABLE = YES;
				IPHONEOS_DEPLOYMENT_TARGET = 16.2;
				MTL_ENABLE_DEBUG_INFO = INCLUDE_SOURCE;
				MTL_FAST_MATH = YES;
				ONLY_ACTIVE_ARCH = YES;
				SDKROOT = iphoneos;
				SWIFT_ACTIVE_COMPILATION_CONDITIONS = DEBUG;
				SWIFT_OPTIMIZATION_LEVEL = "-Onone";
			};
			name = Debug;
		};
		56012BBD29B832DB00E2E5A9 /* Release */ = {
			isa = XCBuildConfiguration;
			baseConfigurationReference = 56C2349B29BAE5F30010A733 /* Release.xcconfig */;
			buildSettings = {
				ALWAYS_SEARCH_USER_PATHS = NO;
				CLANG_ANALYZER_NONNULL = YES;
				CLANG_ANALYZER_NUMBER_OBJECT_CONVERSION = YES_AGGRESSIVE;
				CLANG_CXX_LANGUAGE_STANDARD = "gnu++20";
				CLANG_ENABLE_MODULES = YES;
				CLANG_ENABLE_OBJC_ARC = YES;
				CLANG_ENABLE_OBJC_WEAK = YES;
				CLANG_WARN_BLOCK_CAPTURE_AUTORELEASING = YES;
				CLANG_WARN_BOOL_CONVERSION = YES;
				CLANG_WARN_COMMA = YES;
				CLANG_WARN_CONSTANT_CONVERSION = YES;
				CLANG_WARN_DEPRECATED_OBJC_IMPLEMENTATIONS = YES;
				CLANG_WARN_DIRECT_OBJC_ISA_USAGE = YES_ERROR;
				CLANG_WARN_DOCUMENTATION_COMMENTS = YES;
				CLANG_WARN_EMPTY_BODY = YES;
				CLANG_WARN_ENUM_CONVERSION = YES;
				CLANG_WARN_INFINITE_RECURSION = YES;
				CLANG_WARN_INT_CONVERSION = YES;
				CLANG_WARN_NON_LITERAL_NULL_CONVERSION = YES;
				CLANG_WARN_OBJC_IMPLICIT_RETAIN_SELF = YES;
				CLANG_WARN_OBJC_LITERAL_CONVERSION = YES;
				CLANG_WARN_OBJC_ROOT_CLASS = YES_ERROR;
				CLANG_WARN_QUOTED_INCLUDE_IN_FRAMEWORK_HEADER = YES;
				CLANG_WARN_RANGE_LOOP_ANALYSIS = YES;
				CLANG_WARN_STRICT_PROTOTYPES = YES;
				CLANG_WARN_SUSPICIOUS_MOVE = YES;
				CLANG_WARN_UNGUARDED_AVAILABILITY = YES_AGGRESSIVE;
				CLANG_WARN_UNREACHABLE_CODE = YES;
				CLANG_WARN__DUPLICATE_METHOD_MATCH = YES;
				COPY_PHASE_STRIP = NO;
				DEBUG_INFORMATION_FORMAT = "dwarf-with-dsym";
				ENABLE_NS_ASSERTIONS = NO;
				ENABLE_STRICT_OBJC_MSGSEND = YES;
				GCC_C_LANGUAGE_STANDARD = gnu11;
				GCC_NO_COMMON_BLOCKS = YES;
				GCC_WARN_64_TO_32_BIT_CONVERSION = YES;
				GCC_WARN_ABOUT_RETURN_TYPE = YES_ERROR;
				GCC_WARN_UNDECLARED_SELECTOR = YES;
				GCC_WARN_UNINITIALIZED_AUTOS = YES_AGGRESSIVE;
				GCC_WARN_UNUSED_FUNCTION = YES;
				GCC_WARN_UNUSED_VARIABLE = YES;
				IPHONEOS_DEPLOYMENT_TARGET = 16.2;
				MTL_ENABLE_DEBUG_INFO = NO;
				MTL_FAST_MATH = YES;
				SDKROOT = iphoneos;
				SWIFT_COMPILATION_MODE = wholemodule;
				SWIFT_OPTIMIZATION_LEVEL = "-O";
				VALIDATE_PRODUCT = YES;
			};
			name = Release;
		};
		56012BBF29B832DB00E2E5A9 /* Debug */ = {
			isa = XCBuildConfiguration;
			buildSettings = {
				ASSETCATALOG_COMPILER_APPICON_NAME = AppIcon;
				ASSETCATALOG_COMPILER_GLOBAL_ACCENT_COLOR_NAME = AccentColor;
				CODE_SIGN_STYLE = Automatic;
				CURRENT_PROJECT_VERSION = 1;
				DEVELOPMENT_ASSET_PATHS = "\"WatchWhat/Preview Content\"";
				DEVELOPMENT_TEAM = HKP37D8GG4;
				ENABLE_PREVIEWS = YES;
				GENERATE_INFOPLIST_FILE = YES;
				INFOPLIST_FILE = WatchWhat/Info.plist;
				INFOPLIST_KEY_UIApplicationSceneManifest_Generation = YES;
				INFOPLIST_KEY_UIApplicationSupportsIndirectInputEvents = YES;
				INFOPLIST_KEY_UILaunchScreen_Generation = YES;
				INFOPLIST_KEY_UISupportedInterfaceOrientations_iPad = "UIInterfaceOrientationPortrait UIInterfaceOrientationPortraitUpsideDown UIInterfaceOrientationLandscapeLeft UIInterfaceOrientationLandscapeRight";
				INFOPLIST_KEY_UISupportedInterfaceOrientations_iPhone = "UIInterfaceOrientationPortrait UIInterfaceOrientationLandscapeLeft UIInterfaceOrientationLandscapeRight";
				LD_RUNPATH_SEARCH_PATHS = (
					"$(inherited)",
					"@executable_path/Frameworks",
				);
				MARKETING_VERSION = 1.0;
				PRODUCT_BUNDLE_IDENTIFIER = HeyBabe.WatchWhat;
				PRODUCT_NAME = "$(TARGET_NAME)";
				SWIFT_EMIT_LOC_STRINGS = YES;
				SWIFT_VERSION = 5.0;
				TARGETED_DEVICE_FAMILY = "1,2";
			};
			name = Debug;
		};
		56012BC029B832DB00E2E5A9 /* Release */ = {
			isa = XCBuildConfiguration;
			buildSettings = {
				ASSETCATALOG_COMPILER_APPICON_NAME = AppIcon;
				ASSETCATALOG_COMPILER_GLOBAL_ACCENT_COLOR_NAME = AccentColor;
				CODE_SIGN_STYLE = Automatic;
				CURRENT_PROJECT_VERSION = 1;
				DEVELOPMENT_ASSET_PATHS = "\"WatchWhat/Preview Content\"";
				DEVELOPMENT_TEAM = HKP37D8GG4;
				ENABLE_PREVIEWS = YES;
				GENERATE_INFOPLIST_FILE = YES;
				INFOPLIST_FILE = WatchWhat/Info.plist;
				INFOPLIST_KEY_UIApplicationSceneManifest_Generation = YES;
				INFOPLIST_KEY_UIApplicationSupportsIndirectInputEvents = YES;
				INFOPLIST_KEY_UILaunchScreen_Generation = YES;
				INFOPLIST_KEY_UISupportedInterfaceOrientations_iPad = "UIInterfaceOrientationPortrait UIInterfaceOrientationPortraitUpsideDown UIInterfaceOrientationLandscapeLeft UIInterfaceOrientationLandscapeRight";
				INFOPLIST_KEY_UISupportedInterfaceOrientations_iPhone = "UIInterfaceOrientationPortrait UIInterfaceOrientationLandscapeLeft UIInterfaceOrientationLandscapeRight";
				LD_RUNPATH_SEARCH_PATHS = (
					"$(inherited)",
					"@executable_path/Frameworks",
				);
				MARKETING_VERSION = 1.0;
				PRODUCT_BUNDLE_IDENTIFIER = HeyBabe.WatchWhat;
				PRODUCT_NAME = "$(TARGET_NAME)";
				SWIFT_EMIT_LOC_STRINGS = YES;
				SWIFT_VERSION = 5.0;
				TARGETED_DEVICE_FAMILY = "1,2";
			};
			name = Release;
		};
		56012BC229B832DB00E2E5A9 /* Debug */ = {
			isa = XCBuildConfiguration;
			buildSettings = {
				ALWAYS_EMBED_SWIFT_STANDARD_LIBRARIES = YES;
				BUNDLE_LOADER = "$(TEST_HOST)";
				CODE_SIGN_STYLE = Automatic;
				CURRENT_PROJECT_VERSION = 1;
				DEVELOPMENT_TEAM = HKP37D8GG4;
				GENERATE_INFOPLIST_FILE = YES;
				IPHONEOS_DEPLOYMENT_TARGET = 16.2;
				MARKETING_VERSION = 1.0;
				PRODUCT_BUNDLE_IDENTIFIER = HeyBabe.WatchWhatTests;
				PRODUCT_NAME = "$(TARGET_NAME)";
				SWIFT_EMIT_LOC_STRINGS = NO;
				SWIFT_VERSION = 5.0;
				TARGETED_DEVICE_FAMILY = "1,2";
				TEST_HOST = "$(BUILT_PRODUCTS_DIR)/WatchWhat.app/$(BUNDLE_EXECUTABLE_FOLDER_PATH)/WatchWhat";
			};
			name = Debug;
		};
		56012BC329B832DB00E2E5A9 /* Release */ = {
			isa = XCBuildConfiguration;
			buildSettings = {
				ALWAYS_EMBED_SWIFT_STANDARD_LIBRARIES = YES;
				BUNDLE_LOADER = "$(TEST_HOST)";
				CODE_SIGN_STYLE = Automatic;
				CURRENT_PROJECT_VERSION = 1;
				DEVELOPMENT_TEAM = HKP37D8GG4;
				GENERATE_INFOPLIST_FILE = YES;
				IPHONEOS_DEPLOYMENT_TARGET = 16.2;
				MARKETING_VERSION = 1.0;
				PRODUCT_BUNDLE_IDENTIFIER = HeyBabe.WatchWhatTests;
				PRODUCT_NAME = "$(TARGET_NAME)";
				SWIFT_EMIT_LOC_STRINGS = NO;
				SWIFT_VERSION = 5.0;
				TARGETED_DEVICE_FAMILY = "1,2";
				TEST_HOST = "$(BUILT_PRODUCTS_DIR)/WatchWhat.app/$(BUNDLE_EXECUTABLE_FOLDER_PATH)/WatchWhat";
			};
			name = Release;
		};
		56012BC529B832DB00E2E5A9 /* Debug */ = {
			isa = XCBuildConfiguration;
			buildSettings = {
				ALWAYS_EMBED_SWIFT_STANDARD_LIBRARIES = YES;
				CODE_SIGN_STYLE = Automatic;
				CURRENT_PROJECT_VERSION = 1;
				DEVELOPMENT_TEAM = HKP37D8GG4;
				GENERATE_INFOPLIST_FILE = YES;
				MARKETING_VERSION = 1.0;
				PRODUCT_BUNDLE_IDENTIFIER = HeyBabe.WatchWhatUITests;
				PRODUCT_NAME = "$(TARGET_NAME)";
				SWIFT_EMIT_LOC_STRINGS = NO;
				SWIFT_VERSION = 5.0;
				TARGETED_DEVICE_FAMILY = "1,2";
				TEST_TARGET_NAME = WatchWhat;
			};
			name = Debug;
		};
		56012BC629B832DB00E2E5A9 /* Release */ = {
			isa = XCBuildConfiguration;
			buildSettings = {
				ALWAYS_EMBED_SWIFT_STANDARD_LIBRARIES = YES;
				CODE_SIGN_STYLE = Automatic;
				CURRENT_PROJECT_VERSION = 1;
				DEVELOPMENT_TEAM = HKP37D8GG4;
				GENERATE_INFOPLIST_FILE = YES;
				MARKETING_VERSION = 1.0;
				PRODUCT_BUNDLE_IDENTIFIER = HeyBabe.WatchWhatUITests;
				PRODUCT_NAME = "$(TARGET_NAME)";
				SWIFT_EMIT_LOC_STRINGS = NO;
				SWIFT_VERSION = 5.0;
				TARGETED_DEVICE_FAMILY = "1,2";
				TEST_TARGET_NAME = WatchWhat;
			};
			name = Release;
		};
/* End XCBuildConfiguration section */

/* Begin XCConfigurationList section */
		56012B9529B832D800E2E5A9 /* Build configuration list for PBXProject "WatchWhat" */ = {
			isa = XCConfigurationList;
			buildConfigurations = (
				56012BBC29B832DB00E2E5A9 /* Debug */,
				56012BBD29B832DB00E2E5A9 /* Release */,
			);
			defaultConfigurationIsVisible = 0;
			defaultConfigurationName = Release;
		};
		56012BBE29B832DB00E2E5A9 /* Build configuration list for PBXNativeTarget "WatchWhat" */ = {
			isa = XCConfigurationList;
			buildConfigurations = (
				56012BBF29B832DB00E2E5A9 /* Debug */,
				56012BC029B832DB00E2E5A9 /* Release */,
			);
			defaultConfigurationIsVisible = 0;
			defaultConfigurationName = Release;
		};
		56012BC129B832DB00E2E5A9 /* Build configuration list for PBXNativeTarget "WatchWhatTests" */ = {
			isa = XCConfigurationList;
			buildConfigurations = (
				56012BC229B832DB00E2E5A9 /* Debug */,
				56012BC329B832DB00E2E5A9 /* Release */,
			);
			defaultConfigurationIsVisible = 0;
			defaultConfigurationName = Release;
		};
		56012BC429B832DB00E2E5A9 /* Build configuration list for PBXNativeTarget "WatchWhatUITests" */ = {
			isa = XCConfigurationList;
			buildConfigurations = (
				56012BC529B832DB00E2E5A9 /* Debug */,
				56012BC629B832DB00E2E5A9 /* Release */,
			);
			defaultConfigurationIsVisible = 0;
			defaultConfigurationName = Release;
		};
/* End XCConfigurationList section */

/* Begin XCRemoteSwiftPackageReference section */
		56012BC929B8353E00E2E5A9 /* XCRemoteSwiftPackageReference "apollo-ios" */ = {
			isa = XCRemoteSwiftPackageReference;
			repositoryURL = "https://github.com/apollographql/apollo-ios.git";
			requirement = {
				kind = upToNextMajorVersion;
				minimumVersion = 1.0.0;
			};
		};
/* End XCRemoteSwiftPackageReference section */

/* Begin XCSwiftPackageProductDependency section */
		56012BCA29B8353E00E2E5A9 /* Apollo */ = {
			isa = XCSwiftPackageProductDependency;
			package = 56012BC929B8353E00E2E5A9 /* XCRemoteSwiftPackageReference "apollo-ios" */;
			productName = Apollo;
		};
/* End XCSwiftPackageProductDependency section */
	};
	rootObject = 56012B9229B832D800E2E5A9 /* Project object */;
}
