// !$*UTF8*$!
{
	archiveVersion = 1;
	classes = {
	};
	objectVersion = 56;
	objects = {

/* Begin PBXBuildFile section */
		56012B9E29B832D900E2E5A9 /* WatchWhatApp.swift in Sources */ = {isa = PBXBuildFile; fileRef = 56012B9D29B832D900E2E5A9 /* WatchWhatApp.swift */; };
		56012BA029B832D900E2E5A9 /* ContentView.swift in Sources */ = {isa = PBXBuildFile; fileRef = 56012B9F29B832D900E2E5A9 /* ContentView.swift */; };
		56012BA229B832DA00E2E5A9 /* Assets.xcassets in Resources */ = {isa = PBXBuildFile; fileRef = 56012BA129B832DA00E2E5A9 /* Assets.xcassets */; };
		56012BA529B832DA00E2E5A9 /* Preview Assets.xcassets in Resources */ = {isa = PBXBuildFile; fileRef = 56012BA429B832DA00E2E5A9 /* Preview Assets.xcassets */; };
		56012BAF29B832DB00E2E5A9 /* WatchWhatTests.swift in Sources */ = {isa = PBXBuildFile; fileRef = 56012BAE29B832DB00E2E5A9 /* WatchWhatTests.swift */; };
		56012BB929B832DB00E2E5A9 /* WatchWhatUITests.swift in Sources */ = {isa = PBXBuildFile; fileRef = 56012BB829B832DB00E2E5A9 /* WatchWhatUITests.swift */; };
		56012BBB29B832DB00E2E5A9 /* WatchWhatUITestsLaunchTests.swift in Sources */ = {isa = PBXBuildFile; fileRef = 56012BBA29B832DB00E2E5A9 /* WatchWhatUITestsLaunchTests.swift */; };
		56012BCB29B8353E00E2E5A9 /* Apollo in Frameworks */ = {isa = PBXBuildFile; productRef = 56012BCA29B8353E00E2E5A9 /* Apollo */; };
		5687D20229C8193F00383AB4 /* movie.graphql in Resources */ = {isa = PBXBuildFile; fileRef = 5687D1DB29C8193F00383AB4 /* movie.graphql */; };
		5687D20329C8193F00383AB4 /* schema.graphqls in Resources */ = {isa = PBXBuildFile; fileRef = 5687D1DC29C8193F00383AB4 /* schema.graphqls */; };
		5687D20429C8193F00383AB4 /* movie-extras.graphql in Resources */ = {isa = PBXBuildFile; fileRef = 5687D1DD29C8193F00383AB4 /* movie-extras.graphql */; };
		5687D20529C8193F00383AB4 /* discover.graphql in Resources */ = {isa = PBXBuildFile; fileRef = 5687D1DE29C8193F00383AB4 /* discover.graphql */; };
		5687D20629C8193F00383AB4 /* search.graphql in Resources */ = {isa = PBXBuildFile; fileRef = 5687D1DF29C8193F00383AB4 /* search.graphql */; };
		5687D20729C8193F00383AB4 /* weburl.graphql in Resources */ = {isa = PBXBuildFile; fileRef = 5687D1E029C8193F00383AB4 /* weburl.graphql */; };
		5687D20829C8193F00383AB4 /* watch-movie.graphql in Resources */ = {isa = PBXBuildFile; fileRef = 5687D1E129C8193F00383AB4 /* watch-movie.graphql */; };
		5687D20A29C8210400383AB4 /* GoogleService-Info.plist in Resources */ = {isa = PBXBuildFile; fileRef = 5687D20929C8210400383AB4 /* GoogleService-Info.plist */; };
		5687D20F29C82C5900383AB4 /* AuthenticatedView.swift in Sources */ = {isa = PBXBuildFile; fileRef = 5687D20E29C82C5900383AB4 /* AuthenticatedView.swift */; };
		5687D21129C82C6600383AB4 /* AuthenticationView.swift in Sources */ = {isa = PBXBuildFile; fileRef = 5687D21029C82C6600383AB4 /* AuthenticationView.swift */; };
		5687D21329C82C7400383AB4 /* AuthenticationViewModel.swift in Sources */ = {isa = PBXBuildFile; fileRef = 5687D21229C82C7400383AB4 /* AuthenticationViewModel.swift */; };
		5687D21529C82C8000383AB4 /* LoginView.swift in Sources */ = {isa = PBXBuildFile; fileRef = 5687D21429C82C8000383AB4 /* LoginView.swift */; };
		5687D21729C82C8800383AB4 /* SignupView.swift in Sources */ = {isa = PBXBuildFile; fileRef = 5687D21629C82C8800383AB4 /* SignupView.swift */; };
		5687D21929C82C9100383AB4 /* UserProfileView.swift in Sources */ = {isa = PBXBuildFile; fileRef = 5687D21829C82C9100383AB4 /* UserProfileView.swift */; };
		5687D21D29C8C35300383AB4 /* SearchBarView.swift in Sources */ = {isa = PBXBuildFile; fileRef = 5687D21C29C8C35300383AB4 /* SearchBarView.swift */; };
		569ED2EF29BD7B510022F396 /* Provider.swift in Sources */ = {isa = PBXBuildFile; fileRef = 569ED2EE29BD7B510022F396 /* Provider.swift */; };
		569ED2F129BD7F3B0022F396 /* ProviderLogo.swift in Sources */ = {isa = PBXBuildFile; fileRef = 569ED2F029BD7F3B0022F396 /* ProviderLogo.swift */; };
		569ED2F329BD98AC0022F396 /* MovieDetails.swift in Sources */ = {isa = PBXBuildFile; fileRef = 569ED2F229BD98AC0022F396 /* MovieDetails.swift */; };
		569ED36D29C68D1B0022F396 /* Video.swift in Sources */ = {isa = PBXBuildFile; fileRef = 569ED36C29C68D1B0022F396 /* Video.swift */; };
		569F74A729C79F3D00D25EA4 /* CategoryItem.swift in Sources */ = {isa = PBXBuildFile; fileRef = 569F74A629C79F3D00D25EA4 /* CategoryItem.swift */; };
		569F74F029C7DA6C00D25EA4 /* FirebaseAnalytics in Frameworks */ = {isa = PBXBuildFile; productRef = 569F74EF29C7DA6C00D25EA4 /* FirebaseAnalytics */; };
		569F74F229C7DA6C00D25EA4 /* FirebaseAuth in Frameworks */ = {isa = PBXBuildFile; productRef = 569F74F129C7DA6C00D25EA4 /* FirebaseAuth */; };
		569F74F429C7DA6C00D25EA4 /* FirebaseMessaging in Frameworks */ = {isa = PBXBuildFile; productRef = 569F74F329C7DA6C00D25EA4 /* FirebaseMessaging */; };
		569F74F629C8089800D25EA4 /* AppDelegate.swift in Sources */ = {isa = PBXBuildFile; fileRef = 569F74F529C8089800D25EA4 /* AppDelegate.swift */; };
		569F74F929C814DF00D25EA4 /* FirebaseAnalyticsSwift in Frameworks */ = {isa = PBXBuildFile; productRef = 569F74F829C814DF00D25EA4 /* FirebaseAnalyticsSwift */; };
		56C233F529B96B660010A733 /* Networking.swift in Sources */ = {isa = PBXBuildFile; fileRef = 56C233F429B96B660010A733 /* Networking.swift */; };
		56C233F729B96C8B0010A733 /* Styles.swift in Sources */ = {isa = PBXBuildFile; fileRef = 56C233F629B96C8B0010A733 /* Styles.swift */; };
		56C233F929B973B60010A733 /* HomeViewModel.swift in Sources */ = {isa = PBXBuildFile; fileRef = 56C233F829B973B60010A733 /* HomeViewModel.swift */; };
		56C233FB29B97DB70010A733 /* Background.swift in Sources */ = {isa = PBXBuildFile; fileRef = 56C233FA29B97DB70010A733 /* Background.swift */; };
		56C2344029BA8EB10010A733 /* HomeView.swift in Sources */ = {isa = PBXBuildFile; fileRef = 56C2343F29BA8EB10010A733 /* HomeView.swift */; };
		56C2344229BA8EF00010A733 /* CategoryRow.swift in Sources */ = {isa = PBXBuildFile; fileRef = 56C2344129BA8EF00010A733 /* CategoryRow.swift */; };
		56C2349229BAB7B70010A733 /* MovieDetailView.swift in Sources */ = {isa = PBXBuildFile; fileRef = 56C2349129BAB7B70010A733 /* MovieDetailView.swift */; };
		56C2349429BAB82C0010A733 /* MovieDetailViewModel.swift in Sources */ = {isa = PBXBuildFile; fileRef = 56C2349329BAB82C0010A733 /* MovieDetailViewModel.swift */; };
		56C2349829BAD5720010A733 /* Poster.swift in Sources */ = {isa = PBXBuildFile; fileRef = 56C2349729BAD5720010A733 /* Poster.swift */; };
		56C2349A29BADE090010A733 /* UrlImageViewModel.swift in Sources */ = {isa = PBXBuildFile; fileRef = 56C2349929BADE090010A733 /* UrlImageViewModel.swift */; };
		56C2349D29BB20770010A733 /* SplashView.swift in Sources */ = {isa = PBXBuildFile; fileRef = 56C2349C29BB20770010A733 /* SplashView.swift */; };
		56C2353329BBB3900010A733 /* TODO.md in Sources */ = {isa = PBXBuildFile; fileRef = 56C2353229BBB3900010A733 /* TODO.md */; };
		56C2353529BBCE920010A733 /* Configuration.swift in Sources */ = {isa = PBXBuildFile; fileRef = 56C2353429BBCE920010A733 /* Configuration.swift */; };
		56C2353929BBDF530010A733 /* Footer.swift in Sources */ = {isa = PBXBuildFile; fileRef = 56C2353829BBDF530010A733 /* Footer.swift */; };
		56C2353B29BBDF8D0010A733 /* UserIcon.swift in Sources */ = {isa = PBXBuildFile; fileRef = 56C2353A29BBDF8D0010A733 /* UserIcon.swift */; };
		56C2353D29BBE0BD0010A733 /* SearchView.swift in Sources */ = {isa = PBXBuildFile; fileRef = 56C2353C29BBE0BD0010A733 /* SearchView.swift */; };
		56C2354029BBE1960010A733 /* SearchViewModel.swift in Sources */ = {isa = PBXBuildFile; fileRef = 56C2353F29BBE1960010A733 /* SearchViewModel.swift */; };
		56C235A529BBE71B0010A733 /* Movie.swift in Sources */ = {isa = PBXBuildFile; fileRef = 56C235A429BBE71B0010A733 /* Movie.swift */; };
		56C235A729BBE8280010A733 /* MovieCategory.swift in Sources */ = {isa = PBXBuildFile; fileRef = 56C235A629BBE8280010A733 /* MovieCategory.swift */; };
		56C235A929BC11510010A733 /* Header.swift in Sources */ = {isa = PBXBuildFile; fileRef = 56C235A829BC11510010A733 /* Header.swift */; };
		56DB7AA229D0CED900180F47 /* .gitignore in Resources */ = {isa = PBXBuildFile; fileRef = 56DB7AA129D0CED800180F47 /* .gitignore */; };
		56DE676A29CA86190064D9F5 /* authenticated.graphql in Sources */ = {isa = PBXBuildFile; fileRef = 56DE676929CA86190064D9F5 /* authenticated.graphql */; };
		56DE679129CA88810064D9F5 /* SearchQuery.graphql.swift in Sources */ = {isa = PBXBuildFile; fileRef = 56DE676E29CA88810064D9F5 /* SearchQuery.graphql.swift */; };
		56DE679229CA88810064D9F5 /* MovieQuery.graphql.swift in Sources */ = {isa = PBXBuildFile; fileRef = 56DE676F29CA88810064D9F5 /* MovieQuery.graphql.swift */; };
		56DE679329CA88810064D9F5 /* WatchMovieQuery.graphql.swift in Sources */ = {isa = PBXBuildFile; fileRef = 56DE677029CA88810064D9F5 /* WatchMovieQuery.graphql.swift */; };
		56DE679429CA88810064D9F5 /* AuthenticatedQuery.graphql.swift in Sources */ = {isa = PBXBuildFile; fileRef = 56DE677129CA88810064D9F5 /* AuthenticatedQuery.graphql.swift */; };
		56DE679529CA88810064D9F5 /* SimilarQuery.graphql.swift in Sources */ = {isa = PBXBuildFile; fileRef = 56DE677229CA88810064D9F5 /* SimilarQuery.graphql.swift */; };
		56DE679629CA88810064D9F5 /* RecommendationsQuery.graphql.swift in Sources */ = {isa = PBXBuildFile; fileRef = 56DE677329CA88810064D9F5 /* RecommendationsQuery.graphql.swift */; };
		56DE679729CA88810064D9F5 /* VideosQuery.graphql.swift in Sources */ = {isa = PBXBuildFile; fileRef = 56DE677429CA88810064D9F5 /* VideosQuery.graphql.swift */; };
		56DE679829CA88810064D9F5 /* WebURLQuery.graphql.swift in Sources */ = {isa = PBXBuildFile; fileRef = 56DE677529CA88810064D9F5 /* WebURLQuery.graphql.swift */; };
		56DE679929CA88810064D9F5 /* DiscoverQuery.graphql.swift in Sources */ = {isa = PBXBuildFile; fileRef = 56DE677629CA88810064D9F5 /* DiscoverQuery.graphql.swift */; };
		56DE679A29CA88810064D9F5 /* CreditsQuery.graphql.swift in Sources */ = {isa = PBXBuildFile; fileRef = 56DE677729CA88810064D9F5 /* CreditsQuery.graphql.swift */; };
		56DE679B29CA88810064D9F5 /* WatchProviders.graphql.swift in Sources */ = {isa = PBXBuildFile; fileRef = 56DE677A29CA88810064D9F5 /* WatchProviders.graphql.swift */; };
		56DE679C29CA88810064D9F5 /* Recommendation.graphql.swift in Sources */ = {isa = PBXBuildFile; fileRef = 56DE677B29CA88810064D9F5 /* Recommendation.graphql.swift */; };
		56DE679D29CA88810064D9F5 /* PaginatedSimilar.graphql.swift in Sources */ = {isa = PBXBuildFile; fileRef = 56DE677C29CA88810064D9F5 /* PaginatedSimilar.graphql.swift */; };
		56DE679E29CA88810064D9F5 /* Movie.graphql.swift in Sources */ = {isa = PBXBuildFile; fileRef = 56DE677D29CA88810064D9F5 /* Movie.graphql.swift */; };
		56DE679F29CA88810064D9F5 /* MovieDetails.graphql.swift in Sources */ = {isa = PBXBuildFile; fileRef = 56DE677E29CA88810064D9F5 /* MovieDetails.graphql.swift */; };
		56DE67A029CA88810064D9F5 /* Crew.graphql.swift in Sources */ = {isa = PBXBuildFile; fileRef = 56DE677F29CA88810064D9F5 /* Crew.graphql.swift */; };
		56DE67A129CA88810064D9F5 /* SpokenLanguages.graphql.swift in Sources */ = {isa = PBXBuildFile; fileRef = 56DE678029CA88810064D9F5 /* SpokenLanguages.graphql.swift */; };
		56DE67A229CA88810064D9F5 /* Query.graphql.swift in Sources */ = {isa = PBXBuildFile; fileRef = 56DE678129CA88810064D9F5 /* Query.graphql.swift */; };
		56DE67A329CA88810064D9F5 /* Trailer.graphql.swift in Sources */ = {isa = PBXBuildFile; fileRef = 56DE678229CA88810064D9F5 /* Trailer.graphql.swift */; };
		56DE67A429CA88810064D9F5 /* Credits.graphql.swift in Sources */ = {isa = PBXBuildFile; fileRef = 56DE678329CA88810064D9F5 /* Credits.graphql.swift */; };
		56DE67A529CA88810064D9F5 /* GroupedMovies.graphql.swift in Sources */ = {isa = PBXBuildFile; fileRef = 56DE678429CA88810064D9F5 /* GroupedMovies.graphql.swift */; };
		56DE67A629CA88810064D9F5 /* Genre.graphql.swift in Sources */ = {isa = PBXBuildFile; fileRef = 56DE678529CA88810064D9F5 /* Genre.graphql.swift */; };
		56DE67A729CA88810064D9F5 /* Cast.graphql.swift in Sources */ = {isa = PBXBuildFile; fileRef = 56DE678629CA88810064D9F5 /* Cast.graphql.swift */; };
		56DE67A829CA88810064D9F5 /* PaginatedRecommendation.graphql.swift in Sources */ = {isa = PBXBuildFile; fileRef = 56DE678729CA88810064D9F5 /* PaginatedRecommendation.graphql.swift */; };
		56DE67A929CA88810064D9F5 /* Discover.graphql.swift in Sources */ = {isa = PBXBuildFile; fileRef = 56DE678829CA88810064D9F5 /* Discover.graphql.swift */; };
		56DE67AA29CA88810064D9F5 /* PaginatedMovies.graphql.swift in Sources */ = {isa = PBXBuildFile; fileRef = 56DE678929CA88810064D9F5 /* PaginatedMovies.graphql.swift */; };
		56DE67AB29CA88810064D9F5 /* TrailerResults.graphql.swift in Sources */ = {isa = PBXBuildFile; fileRef = 56DE678A29CA88810064D9F5 /* TrailerResults.graphql.swift */; };
		56DE67AC29CA88810064D9F5 /* Similar.graphql.swift in Sources */ = {isa = PBXBuildFile; fileRef = 56DE678B29CA88810064D9F5 /* Similar.graphql.swift */; };
		56DE67AD29CA88810064D9F5 /* ProductionCompany.graphql.swift in Sources */ = {isa = PBXBuildFile; fileRef = 56DE678C29CA88810064D9F5 /* ProductionCompany.graphql.swift */; };
		56DE67AE29CA88810064D9F5 /* Provider.graphql.swift in Sources */ = {isa = PBXBuildFile; fileRef = 56DE678D29CA88810064D9F5 /* Provider.graphql.swift */; };
		56DE67AF29CA88810064D9F5 /* SchemaConfiguration.swift in Sources */ = {isa = PBXBuildFile; fileRef = 56DE678E29CA88810064D9F5 /* SchemaConfiguration.swift */; };
		56DE67B029CA88810064D9F5 /* SchemaMetadata.graphql.swift in Sources */ = {isa = PBXBuildFile; fileRef = 56DE678F29CA88810064D9F5 /* SchemaMetadata.graphql.swift */; };
		56DE67B129CA88810064D9F5 /* WatchWhatSchema.graphql.swift in Sources */ = {isa = PBXBuildFile; fileRef = 56DE679029CA88810064D9F5 /* WatchWhatSchema.graphql.swift */; };
		56E5A9BC29D2742800DD2F78 /* AppState.swift in Sources */ = {isa = PBXBuildFile; fileRef = 56E5A9BB29D2742800DD2F78 /* AppState.swift */; };
/* End PBXBuildFile section */

/* Begin PBXContainerItemProxy section */
		56012BAB29B832DB00E2E5A9 /* PBXContainerItemProxy */ = {
			isa = PBXContainerItemProxy;
			containerPortal = 56012B9229B832D800E2E5A9 /* Project object */;
			proxyType = 1;
			remoteGlobalIDString = 56012B9929B832D900E2E5A9;
			remoteInfo = WatchWhat;
		};
		56012BB529B832DB00E2E5A9 /* PBXContainerItemProxy */ = {
			isa = PBXContainerItemProxy;
			containerPortal = 56012B9229B832D800E2E5A9 /* Project object */;
			proxyType = 1;
			remoteGlobalIDString = 56012B9929B832D900E2E5A9;
			remoteInfo = WatchWhat;
		};
/* End PBXContainerItemProxy section */

/* Begin PBXFileReference section */
		56012B9A29B832D900E2E5A9 /* WatchWhat.iOS.app */ = {isa = PBXFileReference; explicitFileType = wrapper.application; includeInIndex = 0; path = WatchWhat.iOS.app; sourceTree = BUILT_PRODUCTS_DIR; };
		56012B9D29B832D900E2E5A9 /* WatchWhatApp.swift */ = {isa = PBXFileReference; lastKnownFileType = sourcecode.swift; path = WatchWhatApp.swift; sourceTree = "<group>"; };
		56012B9F29B832D900E2E5A9 /* ContentView.swift */ = {isa = PBXFileReference; lastKnownFileType = sourcecode.swift; path = ContentView.swift; sourceTree = "<group>"; };
		56012BA129B832DA00E2E5A9 /* Assets.xcassets */ = {isa = PBXFileReference; lastKnownFileType = folder.assetcatalog; path = Assets.xcassets; sourceTree = "<group>"; };
		56012BA429B832DA00E2E5A9 /* Preview Assets.xcassets */ = {isa = PBXFileReference; lastKnownFileType = folder.assetcatalog; path = "Preview Assets.xcassets"; sourceTree = "<group>"; };
		56012BAA29B832DB00E2E5A9 /* WatchWhatTests.xctest */ = {isa = PBXFileReference; explicitFileType = wrapper.cfbundle; includeInIndex = 0; path = WatchWhatTests.xctest; sourceTree = BUILT_PRODUCTS_DIR; };
		56012BAE29B832DB00E2E5A9 /* WatchWhatTests.swift */ = {isa = PBXFileReference; lastKnownFileType = sourcecode.swift; path = WatchWhatTests.swift; sourceTree = "<group>"; };
		56012BB429B832DB00E2E5A9 /* WatchWhatUITests.xctest */ = {isa = PBXFileReference; explicitFileType = wrapper.cfbundle; includeInIndex = 0; path = WatchWhatUITests.xctest; sourceTree = BUILT_PRODUCTS_DIR; };
		56012BB829B832DB00E2E5A9 /* WatchWhatUITests.swift */ = {isa = PBXFileReference; lastKnownFileType = sourcecode.swift; path = WatchWhatUITests.swift; sourceTree = "<group>"; };
		56012BBA29B832DB00E2E5A9 /* WatchWhatUITestsLaunchTests.swift */ = {isa = PBXFileReference; lastKnownFileType = sourcecode.swift; path = WatchWhatUITestsLaunchTests.swift; sourceTree = "<group>"; };
		56012BC729B832EF00E2E5A9 /* Local.xcconfig */ = {isa = PBXFileReference; lastKnownFileType = text.xcconfig; path = Local.xcconfig; sourceTree = "<group>"; };
		5687D1DB29C8193F00383AB4 /* movie.graphql */ = {isa = PBXFileReference; fileEncoding = 4; lastKnownFileType = text; path = movie.graphql; sourceTree = "<group>"; };
		5687D1DC29C8193F00383AB4 /* schema.graphqls */ = {isa = PBXFileReference; fileEncoding = 4; lastKnownFileType = text; path = schema.graphqls; sourceTree = "<group>"; };
		5687D1DD29C8193F00383AB4 /* movie-extras.graphql */ = {isa = PBXFileReference; fileEncoding = 4; lastKnownFileType = text; path = "movie-extras.graphql"; sourceTree = "<group>"; };
		5687D1DE29C8193F00383AB4 /* discover.graphql */ = {isa = PBXFileReference; fileEncoding = 4; lastKnownFileType = text; path = discover.graphql; sourceTree = "<group>"; };
		5687D1DF29C8193F00383AB4 /* search.graphql */ = {isa = PBXFileReference; fileEncoding = 4; lastKnownFileType = text; path = search.graphql; sourceTree = "<group>"; };
		5687D1E029C8193F00383AB4 /* weburl.graphql */ = {isa = PBXFileReference; fileEncoding = 4; lastKnownFileType = text; path = weburl.graphql; sourceTree = "<group>"; };
		5687D1E129C8193F00383AB4 /* watch-movie.graphql */ = {isa = PBXFileReference; fileEncoding = 4; lastKnownFileType = text; path = "watch-movie.graphql"; sourceTree = "<group>"; };
		5687D20929C8210400383AB4 /* GoogleService-Info.plist */ = {isa = PBXFileReference; fileEncoding = 4; lastKnownFileType = text.plist.xml; path = "GoogleService-Info.plist"; sourceTree = "<group>"; };
		5687D20B29C829E100383AB4 /* Info.plist */ = {isa = PBXFileReference; fileEncoding = 4; lastKnownFileType = text.plist.xml; path = Info.plist; sourceTree = "<group>"; };
		5687D20E29C82C5900383AB4 /* AuthenticatedView.swift */ = {isa = PBXFileReference; lastKnownFileType = sourcecode.swift; path = AuthenticatedView.swift; sourceTree = "<group>"; };
		5687D21029C82C6600383AB4 /* AuthenticationView.swift */ = {isa = PBXFileReference; lastKnownFileType = sourcecode.swift; path = AuthenticationView.swift; sourceTree = "<group>"; };
		5687D21229C82C7400383AB4 /* AuthenticationViewModel.swift */ = {isa = PBXFileReference; lastKnownFileType = sourcecode.swift; path = AuthenticationViewModel.swift; sourceTree = "<group>"; };
		5687D21429C82C8000383AB4 /* LoginView.swift */ = {isa = PBXFileReference; lastKnownFileType = sourcecode.swift; path = LoginView.swift; sourceTree = "<group>"; };
		5687D21629C82C8800383AB4 /* SignupView.swift */ = {isa = PBXFileReference; lastKnownFileType = sourcecode.swift; path = SignupView.swift; sourceTree = "<group>"; };
		5687D21829C82C9100383AB4 /* UserProfileView.swift */ = {isa = PBXFileReference; lastKnownFileType = sourcecode.swift; path = UserProfileView.swift; sourceTree = "<group>"; };
		5687D21C29C8C35300383AB4 /* SearchBarView.swift */ = {isa = PBXFileReference; lastKnownFileType = sourcecode.swift; path = SearchBarView.swift; sourceTree = "<group>"; };
		569ED2EE29BD7B510022F396 /* Provider.swift */ = {isa = PBXFileReference; lastKnownFileType = sourcecode.swift; path = Provider.swift; sourceTree = "<group>"; };
		569ED2F029BD7F3B0022F396 /* ProviderLogo.swift */ = {isa = PBXFileReference; lastKnownFileType = sourcecode.swift; path = ProviderLogo.swift; sourceTree = "<group>"; };
		569ED2F229BD98AC0022F396 /* MovieDetails.swift */ = {isa = PBXFileReference; lastKnownFileType = sourcecode.swift; path = MovieDetails.swift; sourceTree = "<group>"; };
		569ED36C29C68D1B0022F396 /* Video.swift */ = {isa = PBXFileReference; lastKnownFileType = sourcecode.swift; path = Video.swift; sourceTree = "<group>"; };
		569F74A629C79F3D00D25EA4 /* CategoryItem.swift */ = {isa = PBXFileReference; lastKnownFileType = sourcecode.swift; path = CategoryItem.swift; sourceTree = "<group>"; };
		569F74F529C8089800D25EA4 /* AppDelegate.swift */ = {isa = PBXFileReference; lastKnownFileType = sourcecode.swift; path = AppDelegate.swift; sourceTree = "<group>"; };
		56C233F429B96B660010A733 /* Networking.swift */ = {isa = PBXFileReference; lastKnownFileType = sourcecode.swift; path = Networking.swift; sourceTree = "<group>"; };
		56C233F629B96C8B0010A733 /* Styles.swift */ = {isa = PBXFileReference; lastKnownFileType = sourcecode.swift; path = Styles.swift; sourceTree = "<group>"; };
		56C233F829B973B60010A733 /* HomeViewModel.swift */ = {isa = PBXFileReference; lastKnownFileType = sourcecode.swift; path = HomeViewModel.swift; sourceTree = "<group>"; };
		56C233FA29B97DB70010A733 /* Background.swift */ = {isa = PBXFileReference; lastKnownFileType = sourcecode.swift; path = Background.swift; sourceTree = "<group>"; };
		56C2343F29BA8EB10010A733 /* HomeView.swift */ = {isa = PBXFileReference; lastKnownFileType = sourcecode.swift; path = HomeView.swift; sourceTree = "<group>"; };
		56C2344129BA8EF00010A733 /* CategoryRow.swift */ = {isa = PBXFileReference; lastKnownFileType = sourcecode.swift; path = CategoryRow.swift; sourceTree = "<group>"; };
		56C2349129BAB7B70010A733 /* MovieDetailView.swift */ = {isa = PBXFileReference; lastKnownFileType = sourcecode.swift; path = MovieDetailView.swift; sourceTree = "<group>"; };
		56C2349329BAB82C0010A733 /* MovieDetailViewModel.swift */ = {isa = PBXFileReference; lastKnownFileType = sourcecode.swift; path = MovieDetailViewModel.swift; sourceTree = "<group>"; };
		56C2349729BAD5720010A733 /* Poster.swift */ = {isa = PBXFileReference; lastKnownFileType = sourcecode.swift; path = Poster.swift; sourceTree = "<group>"; };
		56C2349929BADE090010A733 /* UrlImageViewModel.swift */ = {isa = PBXFileReference; lastKnownFileType = sourcecode.swift; path = UrlImageViewModel.swift; sourceTree = "<group>"; };
		56C2349B29BAE5F30010A733 /* Release.xcconfig */ = {isa = PBXFileReference; lastKnownFileType = text.xcconfig; path = Release.xcconfig; sourceTree = "<group>"; };
		56C2349C29BB20770010A733 /* SplashView.swift */ = {isa = PBXFileReference; lastKnownFileType = sourcecode.swift; path = SplashView.swift; sourceTree = "<group>"; };
		56C2353229BBB3900010A733 /* TODO.md */ = {isa = PBXFileReference; lastKnownFileType = net.daringfireball.markdown; path = TODO.md; sourceTree = "<group>"; };
		56C2353429BBCE920010A733 /* Configuration.swift */ = {isa = PBXFileReference; lastKnownFileType = sourcecode.swift; path = Configuration.swift; sourceTree = "<group>"; };
		56C2353829BBDF530010A733 /* Footer.swift */ = {isa = PBXFileReference; lastKnownFileType = sourcecode.swift; path = Footer.swift; sourceTree = "<group>"; };
		56C2353A29BBDF8D0010A733 /* UserIcon.swift */ = {isa = PBXFileReference; lastKnownFileType = sourcecode.swift; path = UserIcon.swift; sourceTree = "<group>"; };
		56C2353C29BBE0BD0010A733 /* SearchView.swift */ = {isa = PBXFileReference; lastKnownFileType = sourcecode.swift; path = SearchView.swift; sourceTree = "<group>"; };
		56C2353F29BBE1960010A733 /* SearchViewModel.swift */ = {isa = PBXFileReference; lastKnownFileType = sourcecode.swift; path = SearchViewModel.swift; sourceTree = "<group>"; };
		56C235A429BBE71B0010A733 /* Movie.swift */ = {isa = PBXFileReference; lastKnownFileType = sourcecode.swift; path = Movie.swift; sourceTree = "<group>"; };
		56C235A629BBE8280010A733 /* MovieCategory.swift */ = {isa = PBXFileReference; lastKnownFileType = sourcecode.swift; path = MovieCategory.swift; sourceTree = "<group>"; };
		56C235A829BC11510010A733 /* Header.swift */ = {isa = PBXFileReference; lastKnownFileType = sourcecode.swift; path = Header.swift; sourceTree = "<group>"; };
		56DB7AA129D0CED800180F47 /* .gitignore */ = {isa = PBXFileReference; fileEncoding = 4; lastKnownFileType = text; path = .gitignore; sourceTree = "<group>"; };
		56DE676929CA86190064D9F5 /* authenticated.graphql */ = {isa = PBXFileReference; lastKnownFileType = text; path = authenticated.graphql; sourceTree = "<group>"; };
		56DE676E29CA88810064D9F5 /* SearchQuery.graphql.swift */ = {isa = PBXFileReference; fileEncoding = 4; lastKnownFileType = sourcecode.swift; path = SearchQuery.graphql.swift; sourceTree = "<group>"; };
		56DE676F29CA88810064D9F5 /* MovieQuery.graphql.swift */ = {isa = PBXFileReference; fileEncoding = 4; lastKnownFileType = sourcecode.swift; path = MovieQuery.graphql.swift; sourceTree = "<group>"; };
		56DE677029CA88810064D9F5 /* WatchMovieQuery.graphql.swift */ = {isa = PBXFileReference; fileEncoding = 4; lastKnownFileType = sourcecode.swift; path = WatchMovieQuery.graphql.swift; sourceTree = "<group>"; };
		56DE677129CA88810064D9F5 /* AuthenticatedQuery.graphql.swift */ = {isa = PBXFileReference; fileEncoding = 4; lastKnownFileType = sourcecode.swift; path = AuthenticatedQuery.graphql.swift; sourceTree = "<group>"; };
		56DE677229CA88810064D9F5 /* SimilarQuery.graphql.swift */ = {isa = PBXFileReference; fileEncoding = 4; lastKnownFileType = sourcecode.swift; path = SimilarQuery.graphql.swift; sourceTree = "<group>"; };
		56DE677329CA88810064D9F5 /* RecommendationsQuery.graphql.swift */ = {isa = PBXFileReference; fileEncoding = 4; lastKnownFileType = sourcecode.swift; path = RecommendationsQuery.graphql.swift; sourceTree = "<group>"; };
		56DE677429CA88810064D9F5 /* VideosQuery.graphql.swift */ = {isa = PBXFileReference; fileEncoding = 4; lastKnownFileType = sourcecode.swift; path = VideosQuery.graphql.swift; sourceTree = "<group>"; };
		56DE677529CA88810064D9F5 /* WebURLQuery.graphql.swift */ = {isa = PBXFileReference; fileEncoding = 4; lastKnownFileType = sourcecode.swift; path = WebURLQuery.graphql.swift; sourceTree = "<group>"; };
		56DE677629CA88810064D9F5 /* DiscoverQuery.graphql.swift */ = {isa = PBXFileReference; fileEncoding = 4; lastKnownFileType = sourcecode.swift; path = DiscoverQuery.graphql.swift; sourceTree = "<group>"; };
		56DE677729CA88810064D9F5 /* CreditsQuery.graphql.swift */ = {isa = PBXFileReference; fileEncoding = 4; lastKnownFileType = sourcecode.swift; path = CreditsQuery.graphql.swift; sourceTree = "<group>"; };
		56DE677A29CA88810064D9F5 /* WatchProviders.graphql.swift */ = {isa = PBXFileReference; fileEncoding = 4; lastKnownFileType = sourcecode.swift; path = WatchProviders.graphql.swift; sourceTree = "<group>"; };
		56DE677B29CA88810064D9F5 /* Recommendation.graphql.swift */ = {isa = PBXFileReference; fileEncoding = 4; lastKnownFileType = sourcecode.swift; path = Recommendation.graphql.swift; sourceTree = "<group>"; };
		56DE677C29CA88810064D9F5 /* PaginatedSimilar.graphql.swift */ = {isa = PBXFileReference; fileEncoding = 4; lastKnownFileType = sourcecode.swift; path = PaginatedSimilar.graphql.swift; sourceTree = "<group>"; };
		56DE677D29CA88810064D9F5 /* Movie.graphql.swift */ = {isa = PBXFileReference; fileEncoding = 4; lastKnownFileType = sourcecode.swift; path = Movie.graphql.swift; sourceTree = "<group>"; };
		56DE677E29CA88810064D9F5 /* MovieDetails.graphql.swift */ = {isa = PBXFileReference; fileEncoding = 4; lastKnownFileType = sourcecode.swift; path = MovieDetails.graphql.swift; sourceTree = "<group>"; };
		56DE677F29CA88810064D9F5 /* Crew.graphql.swift */ = {isa = PBXFileReference; fileEncoding = 4; lastKnownFileType = sourcecode.swift; path = Crew.graphql.swift; sourceTree = "<group>"; };
		56DE678029CA88810064D9F5 /* SpokenLanguages.graphql.swift */ = {isa = PBXFileReference; fileEncoding = 4; lastKnownFileType = sourcecode.swift; path = SpokenLanguages.graphql.swift; sourceTree = "<group>"; };
		56DE678129CA88810064D9F5 /* Query.graphql.swift */ = {isa = PBXFileReference; fileEncoding = 4; lastKnownFileType = sourcecode.swift; path = Query.graphql.swift; sourceTree = "<group>"; };
		56DE678229CA88810064D9F5 /* Trailer.graphql.swift */ = {isa = PBXFileReference; fileEncoding = 4; lastKnownFileType = sourcecode.swift; path = Trailer.graphql.swift; sourceTree = "<group>"; };
		56DE678329CA88810064D9F5 /* Credits.graphql.swift */ = {isa = PBXFileReference; fileEncoding = 4; lastKnownFileType = sourcecode.swift; path = Credits.graphql.swift; sourceTree = "<group>"; };
		56DE678429CA88810064D9F5 /* GroupedMovies.graphql.swift */ = {isa = PBXFileReference; fileEncoding = 4; lastKnownFileType = sourcecode.swift; path = GroupedMovies.graphql.swift; sourceTree = "<group>"; };
		56DE678529CA88810064D9F5 /* Genre.graphql.swift */ = {isa = PBXFileReference; fileEncoding = 4; lastKnownFileType = sourcecode.swift; path = Genre.graphql.swift; sourceTree = "<group>"; };
		56DE678629CA88810064D9F5 /* Cast.graphql.swift */ = {isa = PBXFileReference; fileEncoding = 4; lastKnownFileType = sourcecode.swift; path = Cast.graphql.swift; sourceTree = "<group>"; };
		56DE678729CA88810064D9F5 /* PaginatedRecommendation.graphql.swift */ = {isa = PBXFileReference; fileEncoding = 4; lastKnownFileType = sourcecode.swift; path = PaginatedRecommendation.graphql.swift; sourceTree = "<group>"; };
		56DE678829CA88810064D9F5 /* Discover.graphql.swift */ = {isa = PBXFileReference; fileEncoding = 4; lastKnownFileType = sourcecode.swift; path = Discover.graphql.swift; sourceTree = "<group>"; };
		56DE678929CA88810064D9F5 /* PaginatedMovies.graphql.swift */ = {isa = PBXFileReference; fileEncoding = 4; lastKnownFileType = sourcecode.swift; path = PaginatedMovies.graphql.swift; sourceTree = "<group>"; };
		56DE678A29CA88810064D9F5 /* TrailerResults.graphql.swift */ = {isa = PBXFileReference; fileEncoding = 4; lastKnownFileType = sourcecode.swift; path = TrailerResults.graphql.swift; sourceTree = "<group>"; };
		56DE678B29CA88810064D9F5 /* Similar.graphql.swift */ = {isa = PBXFileReference; fileEncoding = 4; lastKnownFileType = sourcecode.swift; path = Similar.graphql.swift; sourceTree = "<group>"; };
		56DE678C29CA88810064D9F5 /* ProductionCompany.graphql.swift */ = {isa = PBXFileReference; fileEncoding = 4; lastKnownFileType = sourcecode.swift; path = ProductionCompany.graphql.swift; sourceTree = "<group>"; };
		56DE678D29CA88810064D9F5 /* Provider.graphql.swift */ = {isa = PBXFileReference; fileEncoding = 4; lastKnownFileType = sourcecode.swift; path = Provider.graphql.swift; sourceTree = "<group>"; };
		56DE678E29CA88810064D9F5 /* SchemaConfiguration.swift */ = {isa = PBXFileReference; fileEncoding = 4; lastKnownFileType = sourcecode.swift; path = SchemaConfiguration.swift; sourceTree = "<group>"; };
		56DE678F29CA88810064D9F5 /* SchemaMetadata.graphql.swift */ = {isa = PBXFileReference; fileEncoding = 4; lastKnownFileType = sourcecode.swift; path = SchemaMetadata.graphql.swift; sourceTree = "<group>"; };
		56DE679029CA88810064D9F5 /* WatchWhatSchema.graphql.swift */ = {isa = PBXFileReference; fileEncoding = 4; lastKnownFileType = sourcecode.swift; path = WatchWhatSchema.graphql.swift; sourceTree = "<group>"; };
		56E5A9BB29D2742800DD2F78 /* AppState.swift */ = {isa = PBXFileReference; lastKnownFileType = sourcecode.swift; path = AppState.swift; sourceTree = "<group>"; };
/* End PBXFileReference section */

/* Begin PBXFrameworksBuildPhase section */
		56012B9729B832D900E2E5A9 /* Frameworks */ = {
			isa = PBXFrameworksBuildPhase;
			buildActionMask = 2147483647;
			files = (
				569F74F429C7DA6C00D25EA4 /* FirebaseMessaging in Frameworks */,
				569F74F029C7DA6C00D25EA4 /* FirebaseAnalytics in Frameworks */,
				569F74F229C7DA6C00D25EA4 /* FirebaseAuth in Frameworks */,
				56012BCB29B8353E00E2E5A9 /* Apollo in Frameworks */,
				569F74F929C814DF00D25EA4 /* FirebaseAnalyticsSwift in Frameworks */,
			);
			runOnlyForDeploymentPostprocessing = 0;
		};
		56012BA729B832DB00E2E5A9 /* Frameworks */ = {
			isa = PBXFrameworksBuildPhase;
			buildActionMask = 2147483647;
			files = (
			);
			runOnlyForDeploymentPostprocessing = 0;
		};
		56012BB129B832DB00E2E5A9 /* Frameworks */ = {
			isa = PBXFrameworksBuildPhase;
			buildActionMask = 2147483647;
			files = (
			);
			runOnlyForDeploymentPostprocessing = 0;
		};
/* End PBXFrameworksBuildPhase section */

/* Begin PBXGroup section */
		56012B9129B832D800E2E5A9 = {
			isa = PBXGroup;
			children = (
				56DB7AA129D0CED800180F47 /* .gitignore */,
				5687D1B429C8193F00383AB4 /* GraphQL */,
				56012B9C29B832D900E2E5A9 /* WatchWhat.iOS */,
				56012BAD29B832DB00E2E5A9 /* WatchWhatTests */,
				56012BB729B832DB00E2E5A9 /* WatchWhatUITests */,
				56012B9B29B832D900E2E5A9 /* Products */,
				569F74F729C814DF00D25EA4 /* Frameworks */,
			);
			sourceTree = "<group>";
		};
		56012B9B29B832D900E2E5A9 /* Products */ = {
			isa = PBXGroup;
			children = (
				56012B9A29B832D900E2E5A9 /* WatchWhat.iOS.app */,
				56012BAA29B832DB00E2E5A9 /* WatchWhatTests.xctest */,
				56012BB429B832DB00E2E5A9 /* WatchWhatUITests.xctest */,
			);
			name = Products;
			sourceTree = "<group>";
		};
		56012B9C29B832D900E2E5A9 /* WatchWhat.iOS */ = {
			isa = PBXGroup;
			children = (
				56C2353229BBB3900010A733 /* TODO.md */,
				5687D20929C8210400383AB4 /* GoogleService-Info.plist */,
				5687D20B29C829E100383AB4 /* Info.plist */,
				56012BC729B832EF00E2E5A9 /* Local.xcconfig */,
				56C2349B29BAE5F30010A733 /* Release.xcconfig */,
				569F74F529C8089800D25EA4 /* AppDelegate.swift */,
				56E5A9BB29D2742800DD2F78 /* AppState.swift */,
				56C2353429BBCE920010A733 /* Configuration.swift */,
				56C233F429B96B660010A733 /* Networking.swift */,
				56C233F629B96C8B0010A733 /* Styles.swift */,
				56012B9D29B832D900E2E5A9 /* WatchWhatApp.swift */,
				56012BA129B832DA00E2E5A9 /* Assets.xcassets */,
				56012BA329B832DA00E2E5A9 /* Preview Content */,
				56C233F029B968340010A733 /* Models */,
				56C233F129B9692B0010A733 /* Views */,
			);
			path = WatchWhat.iOS;
			sourceTree = "<group>";
		};
		56012BA329B832DA00E2E5A9 /* Preview Content */ = {
			isa = PBXGroup;
			children = (
				56012BA429B832DA00E2E5A9 /* Preview Assets.xcassets */,
			);
			path = "Preview Content";
			sourceTree = "<group>";
		};
		56012BAD29B832DB00E2E5A9 /* WatchWhatTests */ = {
			isa = PBXGroup;
			children = (
				56012BAE29B832DB00E2E5A9 /* WatchWhatTests.swift */,
			);
			path = WatchWhatTests;
			sourceTree = "<group>";
		};
		56012BB729B832DB00E2E5A9 /* WatchWhatUITests */ = {
			isa = PBXGroup;
			children = (
				56012BB829B832DB00E2E5A9 /* WatchWhatUITests.swift */,
				56012BBA29B832DB00E2E5A9 /* WatchWhatUITestsLaunchTests.swift */,
			);
			path = WatchWhatUITests;
			sourceTree = "<group>";
		};
		5687D1B429C8193F00383AB4 /* GraphQL */ = {
			isa = PBXGroup;
			children = (
				56DE676B29CA88810064D9F5 /* Apollo */,
				5687D1DC29C8193F00383AB4 /* schema.graphqls */,
				56DE676929CA86190064D9F5 /* authenticated.graphql */,
				5687D1DB29C8193F00383AB4 /* movie.graphql */,
				5687D1DD29C8193F00383AB4 /* movie-extras.graphql */,
				5687D1DE29C8193F00383AB4 /* discover.graphql */,
				5687D1DF29C8193F00383AB4 /* search.graphql */,
				5687D1E029C8193F00383AB4 /* weburl.graphql */,
				5687D1E129C8193F00383AB4 /* watch-movie.graphql */,
			);
			path = GraphQL;
			sourceTree = "<group>";
		};
		5687D20D29C82C4800383AB4 /* Auth */ = {
			isa = PBXGroup;
			children = (
				5687D20E29C82C5900383AB4 /* AuthenticatedView.swift */,
				5687D21029C82C6600383AB4 /* AuthenticationView.swift */,
				5687D21229C82C7400383AB4 /* AuthenticationViewModel.swift */,
				5687D21429C82C8000383AB4 /* LoginView.swift */,
				5687D21629C82C8800383AB4 /* SignupView.swift */,
				5687D21829C82C9100383AB4 /* UserProfileView.swift */,
			);
			path = Auth;
			sourceTree = "<group>";
		};
		5687D21A29C8C14A00383AB4 /* Home */ = {
			isa = PBXGroup;
			children = (
				56C2343F29BA8EB10010A733 /* HomeView.swift */,
				56C233F829B973B60010A733 /* HomeViewModel.swift */,
			);
			path = Home;
			sourceTree = "<group>";
		};
		5687D21B29C8C27F00383AB4 /* Search */ = {
			isa = PBXGroup;
			children = (
				5687D21C29C8C35300383AB4 /* SearchBarView.swift */,
				56C2353C29BBE0BD0010A733 /* SearchView.swift */,
				56C2353F29BBE1960010A733 /* SearchViewModel.swift */,
			);
			path = Search;
			sourceTree = "<group>";
		};
		5687D21E29C8F22900383AB4 /* MovieDetail */ = {
			isa = PBXGroup;
			children = (
				56C2349129BAB7B70010A733 /* MovieDetailView.swift */,
				56C2349329BAB82C0010A733 /* MovieDetailViewModel.swift */,
			);
			path = MovieDetail;
			sourceTree = "<group>";
		};
		569F74EA29C7A1C000D25EA4 /* Layout */ = {
			isa = PBXGroup;
			children = (
				56C233FA29B97DB70010A733 /* Background.swift */,
				56C2353829BBDF530010A733 /* Footer.swift */,
				56C235A829BC11510010A733 /* Header.swift */,
			);
			path = Layout;
			sourceTree = "<group>";
		};
		569F74F729C814DF00D25EA4 /* Frameworks */ = {
			isa = PBXGroup;
			children = (
			);
			name = Frameworks;
			sourceTree = "<group>";
		};
		56C233F029B968340010A733 /* Models */ = {
			isa = PBXGroup;
			children = (
				56C235A429BBE71B0010A733 /* Movie.swift */,
				569ED2F229BD98AC0022F396 /* MovieDetails.swift */,
				56C235A629BBE8280010A733 /* MovieCategory.swift */,
				569ED2EE29BD7B510022F396 /* Provider.swift */,
				569ED36C29C68D1B0022F396 /* Video.swift */,
			);
			path = Models;
			sourceTree = "<group>";
		};
		56C233F129B9692B0010A733 /* Views */ = {
			isa = PBXGroup;
			children = (
				56012B9F29B832D900E2E5A9 /* ContentView.swift */,
				56C2349C29BB20770010A733 /* SplashView.swift */,
				5687D20D29C82C4800383AB4 /* Auth */,
				56C233FC29B97DBD0010A733 /* Helpers */,
				5687D21A29C8C14A00383AB4 /* Home */,
				569F74EA29C7A1C000D25EA4 /* Layout */,
				5687D21E29C8F22900383AB4 /* MovieDetail */,
				5687D21B29C8C27F00383AB4 /* Search */,
			);
			path = Views;
			sourceTree = "<group>";
		};
		56C233FC29B97DBD0010A733 /* Helpers */ = {
			isa = PBXGroup;
			children = (
				56C2344129BA8EF00010A733 /* CategoryRow.swift */,
				569F74A629C79F3D00D25EA4 /* CategoryItem.swift */,
				56C2349729BAD5720010A733 /* Poster.swift */,
				569ED2F029BD7F3B0022F396 /* ProviderLogo.swift */,
				56C2353A29BBDF8D0010A733 /* UserIcon.swift */,
				56C2349929BADE090010A733 /* UrlImageViewModel.swift */,
			);
			path = Helpers;
			sourceTree = "<group>";
		};
		56DE676B29CA88810064D9F5 /* Apollo */ = {
			isa = PBXGroup;
			children = (
				56DE676C29CA88810064D9F5 /* Operations */,
				56DE677829CA88810064D9F5 /* Schema */,
				56DE679029CA88810064D9F5 /* WatchWhatSchema.graphql.swift */,
			);
			path = Apollo;
			sourceTree = "<group>";
		};
		56DE676C29CA88810064D9F5 /* Operations */ = {
			isa = PBXGroup;
			children = (
				56DE676D29CA88810064D9F5 /* Queries */,
			);
			path = Operations;
			sourceTree = "<group>";
		};
		56DE676D29CA88810064D9F5 /* Queries */ = {
			isa = PBXGroup;
			children = (
				56DE676E29CA88810064D9F5 /* SearchQuery.graphql.swift */,
				56DE676F29CA88810064D9F5 /* MovieQuery.graphql.swift */,
				56DE677029CA88810064D9F5 /* WatchMovieQuery.graphql.swift */,
				56DE677129CA88810064D9F5 /* AuthenticatedQuery.graphql.swift */,
				56DE677229CA88810064D9F5 /* SimilarQuery.graphql.swift */,
				56DE677329CA88810064D9F5 /* RecommendationsQuery.graphql.swift */,
				56DE677429CA88810064D9F5 /* VideosQuery.graphql.swift */,
				56DE677529CA88810064D9F5 /* WebURLQuery.graphql.swift */,
				56DE677629CA88810064D9F5 /* DiscoverQuery.graphql.swift */,
				56DE677729CA88810064D9F5 /* CreditsQuery.graphql.swift */,
			);
			path = Queries;
			sourceTree = "<group>";
		};
		56DE677829CA88810064D9F5 /* Schema */ = {
			isa = PBXGroup;
			children = (
				56DE677929CA88810064D9F5 /* Objects */,
				56DE678E29CA88810064D9F5 /* SchemaConfiguration.swift */,
				56DE678F29CA88810064D9F5 /* SchemaMetadata.graphql.swift */,
			);
			path = Schema;
			sourceTree = "<group>";
		};
		56DE677929CA88810064D9F5 /* Objects */ = {
			isa = PBXGroup;
			children = (
				56DE677A29CA88810064D9F5 /* WatchProviders.graphql.swift */,
				56DE677B29CA88810064D9F5 /* Recommendation.graphql.swift */,
				56DE677C29CA88810064D9F5 /* PaginatedSimilar.graphql.swift */,
				56DE677D29CA88810064D9F5 /* Movie.graphql.swift */,
				56DE677E29CA88810064D9F5 /* MovieDetails.graphql.swift */,
				56DE677F29CA88810064D9F5 /* Crew.graphql.swift */,
				56DE678029CA88810064D9F5 /* SpokenLanguages.graphql.swift */,
				56DE678129CA88810064D9F5 /* Query.graphql.swift */,
				56DE678229CA88810064D9F5 /* Trailer.graphql.swift */,
				56DE678329CA88810064D9F5 /* Credits.graphql.swift */,
				56DE678429CA88810064D9F5 /* GroupedMovies.graphql.swift */,
				56DE678529CA88810064D9F5 /* Genre.graphql.swift */,
				56DE678629CA88810064D9F5 /* Cast.graphql.swift */,
				56DE678729CA88810064D9F5 /* PaginatedRecommendation.graphql.swift */,
				56DE678829CA88810064D9F5 /* Discover.graphql.swift */,
				56DE678929CA88810064D9F5 /* PaginatedMovies.graphql.swift */,
				56DE678A29CA88810064D9F5 /* TrailerResults.graphql.swift */,
				56DE678B29CA88810064D9F5 /* Similar.graphql.swift */,
				56DE678C29CA88810064D9F5 /* ProductionCompany.graphql.swift */,
				56DE678D29CA88810064D9F5 /* Provider.graphql.swift */,
			);
			path = Objects;
			sourceTree = "<group>";
		};
/* End PBXGroup section */

/* Begin PBXNativeTarget section */
		56012B9929B832D900E2E5A9 /* WatchWhat.iOS */ = {
			isa = PBXNativeTarget;
			buildConfigurationList = 56012BBE29B832DB00E2E5A9 /* Build configuration list for PBXNativeTarget "WatchWhat.iOS" */;
			buildPhases = (
				56012B9629B832D900E2E5A9 /* Sources */,
				56012B9729B832D900E2E5A9 /* Frameworks */,
				56012B9829B832D900E2E5A9 /* Resources */,
			);
			buildRules = (
			);
			dependencies = (
			);
			name = WatchWhat.iOS;
			packageProductDependencies = (
				56012BCA29B8353E00E2E5A9 /* Apollo */,
				569F74EF29C7DA6C00D25EA4 /* FirebaseAnalytics */,
				569F74F129C7DA6C00D25EA4 /* FirebaseAuth */,
				569F74F329C7DA6C00D25EA4 /* FirebaseMessaging */,
				569F74F829C814DF00D25EA4 /* FirebaseAnalyticsSwift */,
			);
			productName = WatchWhat;
			productReference = 56012B9A29B832D900E2E5A9 /* WatchWhat.iOS.app */;
			productType = "com.apple.product-type.application";
		};
		56012BA929B832DB00E2E5A9 /* WatchWhatTests */ = {
			isa = PBXNativeTarget;
			buildConfigurationList = 56012BC129B832DB00E2E5A9 /* Build configuration list for PBXNativeTarget "WatchWhatTests" */;
			buildPhases = (
				56012BA629B832DB00E2E5A9 /* Sources */,
				56012BA729B832DB00E2E5A9 /* Frameworks */,
				56012BA829B832DB00E2E5A9 /* Resources */,
			);
			buildRules = (
			);
			dependencies = (
				56012BAC29B832DB00E2E5A9 /* PBXTargetDependency */,
			);
			name = WatchWhatTests;
			productName = WatchWhatTests;
			productReference = 56012BAA29B832DB00E2E5A9 /* WatchWhatTests.xctest */;
			productType = "com.apple.product-type.bundle.unit-test";
		};
		56012BB329B832DB00E2E5A9 /* WatchWhatUITests */ = {
			isa = PBXNativeTarget;
			buildConfigurationList = 56012BC429B832DB00E2E5A9 /* Build configuration list for PBXNativeTarget "WatchWhatUITests" */;
			buildPhases = (
				56012BB029B832DB00E2E5A9 /* Sources */,
				56012BB129B832DB00E2E5A9 /* Frameworks */,
				56012BB229B832DB00E2E5A9 /* Resources */,
			);
			buildRules = (
			);
			dependencies = (
				56012BB629B832DB00E2E5A9 /* PBXTargetDependency */,
			);
			name = WatchWhatUITests;
			productName = WatchWhatUITests;
			productReference = 56012BB429B832DB00E2E5A9 /* WatchWhatUITests.xctest */;
			productType = "com.apple.product-type.bundle.ui-testing";
		};
/* End PBXNativeTarget section */

/* Begin PBXProject section */
		56012B9229B832D800E2E5A9 /* Project object */ = {
			isa = PBXProject;
			attributes = {
				BuildIndependentTargetsInParallel = 1;
				LastSwiftUpdateCheck = 1420;
				LastUpgradeCheck = 1420;
				TargetAttributes = {
					56012B9929B832D900E2E5A9 = {
						CreatedOnToolsVersion = 14.2;
					};
					56012BA929B832DB00E2E5A9 = {
						CreatedOnToolsVersion = 14.2;
						TestTargetID = 56012B9929B832D900E2E5A9;
					};
					56012BB329B832DB00E2E5A9 = {
						CreatedOnToolsVersion = 14.2;
						TestTargetID = 56012B9929B832D900E2E5A9;
					};
				};
			};
			buildConfigurationList = 56012B9529B832D800E2E5A9 /* Build configuration list for PBXProject "WatchWhat" */;
			compatibilityVersion = "Xcode 14.0";
			developmentRegion = en;
			hasScannedForEncodings = 0;
			knownRegions = (
				en,
				Base,
			);
			mainGroup = 56012B9129B832D800E2E5A9;
			packageReferences = (
				56012BC929B8353E00E2E5A9 /* XCRemoteSwiftPackageReference "apollo-ios" */,
				569F74EE29C7DA6C00D25EA4 /* XCRemoteSwiftPackageReference "firebase-ios-sdk" */,
			);
			productRefGroup = 56012B9B29B832D900E2E5A9 /* Products */;
			projectDirPath = "";
			projectRoot = "";
			targets = (
				56012B9929B832D900E2E5A9 /* WatchWhat.iOS */,
				56012BA929B832DB00E2E5A9 /* WatchWhatTests */,
				56012BB329B832DB00E2E5A9 /* WatchWhatUITests */,
			);
		};
/* End PBXProject section */

/* Begin PBXResourcesBuildPhase section */
		56012B9829B832D900E2E5A9 /* Resources */ = {
			isa = PBXResourcesBuildPhase;
			buildActionMask = 2147483647;
			files = (
				5687D20729C8193F00383AB4 /* weburl.graphql in Resources */,
				5687D20529C8193F00383AB4 /* discover.graphql in Resources */,
				5687D20429C8193F00383AB4 /* movie-extras.graphql in Resources */,
				5687D20829C8193F00383AB4 /* watch-movie.graphql in Resources */,
				56DB7AA229D0CED900180F47 /* .gitignore in Resources */,
				56012BA529B832DA00E2E5A9 /* Preview Assets.xcassets in Resources */,
				5687D20629C8193F00383AB4 /* search.graphql in Resources */,
				5687D20229C8193F00383AB4 /* movie.graphql in Resources */,
				5687D20A29C8210400383AB4 /* GoogleService-Info.plist in Resources */,
				56012BA229B832DA00E2E5A9 /* Assets.xcassets in Resources */,
				5687D20329C8193F00383AB4 /* schema.graphqls in Resources */,
			);
			runOnlyForDeploymentPostprocessing = 0;
		};
		56012BA829B832DB00E2E5A9 /* Resources */ = {
			isa = PBXResourcesBuildPhase;
			buildActionMask = 2147483647;
			files = (
			);
			runOnlyForDeploymentPostprocessing = 0;
		};
		56012BB229B832DB00E2E5A9 /* Resources */ = {
			isa = PBXResourcesBuildPhase;
			buildActionMask = 2147483647;
			files = (
			);
			runOnlyForDeploymentPostprocessing = 0;
		};
/* End PBXResourcesBuildPhase section */

/* Begin PBXSourcesBuildPhase section */
		56012B9629B832D900E2E5A9 /* Sources */ = {
			isa = PBXSourcesBuildPhase;
			buildActionMask = 2147483647;
			files = (
				56012BA029B832D900E2E5A9 /* ContentView.swift in Sources */,
				56DE67A729CA88810064D9F5 /* Cast.graphql.swift in Sources */,
				56DE67AC29CA88810064D9F5 /* Similar.graphql.swift in Sources */,
				56DE67A229CA88810064D9F5 /* Query.graphql.swift in Sources */,
				56DE67A829CA88810064D9F5 /* PaginatedRecommendation.graphql.swift in Sources */,
				56C2344029BA8EB10010A733 /* HomeView.swift in Sources */,
				56DE67B029CA88810064D9F5 /* SchemaMetadata.graphql.swift in Sources */,
				56DE67AE29CA88810064D9F5 /* Provider.graphql.swift in Sources */,
				56DE67A429CA88810064D9F5 /* Credits.graphql.swift in Sources */,
				56DE679629CA88810064D9F5 /* RecommendationsQuery.graphql.swift in Sources */,
				56DE67A529CA88810064D9F5 /* GroupedMovies.graphql.swift in Sources */,
				56DE676A29CA86190064D9F5 /* authenticated.graphql in Sources */,
				56DE679729CA88810064D9F5 /* VideosQuery.graphql.swift in Sources */,
				56DE67A029CA88810064D9F5 /* Crew.graphql.swift in Sources */,
				56DE67A329CA88810064D9F5 /* Trailer.graphql.swift in Sources */,
				56DE679829CA88810064D9F5 /* WebURLQuery.graphql.swift in Sources */,
				56DE67AA29CA88810064D9F5 /* PaginatedMovies.graphql.swift in Sources */,
				56DE67AF29CA88810064D9F5 /* SchemaConfiguration.swift in Sources */,
				569ED36D29C68D1B0022F396 /* Video.swift in Sources */,
				56DE679F29CA88810064D9F5 /* MovieDetails.graphql.swift in Sources */,
				56DE679129CA88810064D9F5 /* SearchQuery.graphql.swift in Sources */,
				56DE679B29CA88810064D9F5 /* WatchProviders.graphql.swift in Sources */,
				56E5A9BC29D2742800DD2F78 /* AppState.swift in Sources */,
				56C235A929BC11510010A733 /* Header.swift in Sources */,
				5687D21729C82C8800383AB4 /* SignupView.swift in Sources */,
				56DE679429CA88810064D9F5 /* AuthenticatedQuery.graphql.swift in Sources */,
				56C233F529B96B660010A733 /* Networking.swift in Sources */,
				56DE67B129CA88810064D9F5 /* WatchWhatSchema.graphql.swift in Sources */,
				5687D21129C82C6600383AB4 /* AuthenticationView.swift in Sources */,
				56C2349829BAD5720010A733 /* Poster.swift in Sources */,
				56DE67AB29CA88810064D9F5 /* TrailerResults.graphql.swift in Sources */,
				569ED2EF29BD7B510022F396 /* Provider.swift in Sources */,
				56C2353929BBDF530010A733 /* Footer.swift in Sources */,
				56C235A729BBE8280010A733 /* MovieCategory.swift in Sources */,
				569F74F629C8089800D25EA4 /* AppDelegate.swift in Sources */,
				56DE67A129CA88810064D9F5 /* SpokenLanguages.graphql.swift in Sources */,
				5687D21929C82C9100383AB4 /* UserProfileView.swift in Sources */,
				5687D21329C82C7400383AB4 /* AuthenticationViewModel.swift in Sources */,
				5687D21529C82C8000383AB4 /* LoginView.swift in Sources */,
				56DE679929CA88810064D9F5 /* DiscoverQuery.graphql.swift in Sources */,
				56DE679329CA88810064D9F5 /* WatchMovieQuery.graphql.swift in Sources */,
				56DE679C29CA88810064D9F5 /* Recommendation.graphql.swift in Sources */,
				56C2353D29BBE0BD0010A733 /* SearchView.swift in Sources */,
				5687D20F29C82C5900383AB4 /* AuthenticatedView.swift in Sources */,
				56C2353B29BBDF8D0010A733 /* UserIcon.swift in Sources */,
				56C2353529BBCE920010A733 /* Configuration.swift in Sources */,
				56C233F729B96C8B0010A733 /* Styles.swift in Sources */,
				56C2349429BAB82C0010A733 /* MovieDetailViewModel.swift in Sources */,
				56C2349D29BB20770010A733 /* SplashView.swift in Sources */,
				56DE67A629CA88810064D9F5 /* Genre.graphql.swift in Sources */,
				56C233F929B973B60010A733 /* HomeViewModel.swift in Sources */,
				56DE67AD29CA88810064D9F5 /* ProductionCompany.graphql.swift in Sources */,
				56012B9E29B832D900E2E5A9 /* WatchWhatApp.swift in Sources */,
				56C2353329BBB3900010A733 /* TODO.md in Sources */,
				56DE679D29CA88810064D9F5 /* PaginatedSimilar.graphql.swift in Sources */,
				5687D21D29C8C35300383AB4 /* SearchBarView.swift in Sources */,
				569ED2F129BD7F3B0022F396 /* ProviderLogo.swift in Sources */,
				56C2349229BAB7B70010A733 /* MovieDetailView.swift in Sources */,
				56C235A529BBE71B0010A733 /* Movie.swift in Sources */,
				56DE679229CA88810064D9F5 /* MovieQuery.graphql.swift in Sources */,
				56C2344229BA8EF00010A733 /* CategoryRow.swift in Sources */,
				56C233FB29B97DB70010A733 /* Background.swift in Sources */,
				569ED2F329BD98AC0022F396 /* MovieDetails.swift in Sources */,
				569F74A729C79F3D00D25EA4 /* CategoryItem.swift in Sources */,
				56C2354029BBE1960010A733 /* SearchViewModel.swift in Sources */,
				56DE679E29CA88810064D9F5 /* Movie.graphql.swift in Sources */,
				56C2349A29BADE090010A733 /* UrlImageViewModel.swift in Sources */,
				56DE679529CA88810064D9F5 /* SimilarQuery.graphql.swift in Sources */,
				56DE679A29CA88810064D9F5 /* CreditsQuery.graphql.swift in Sources */,
				56DE67A929CA88810064D9F5 /* Discover.graphql.swift in Sources */,
			);
			runOnlyForDeploymentPostprocessing = 0;
		};
		56012BA629B832DB00E2E5A9 /* Sources */ = {
			isa = PBXSourcesBuildPhase;
			buildActionMask = 2147483647;
			files = (
				56012BAF29B832DB00E2E5A9 /* WatchWhatTests.swift in Sources */,
			);
			runOnlyForDeploymentPostprocessing = 0;
		};
		56012BB029B832DB00E2E5A9 /* Sources */ = {
			isa = PBXSourcesBuildPhase;
			buildActionMask = 2147483647;
			files = (
				56012BBB29B832DB00E2E5A9 /* WatchWhatUITestsLaunchTests.swift in Sources */,
				56012BB929B832DB00E2E5A9 /* WatchWhatUITests.swift in Sources */,
			);
			runOnlyForDeploymentPostprocessing = 0;
		};
/* End PBXSourcesBuildPhase section */

/* Begin PBXTargetDependency section */
		56012BAC29B832DB00E2E5A9 /* PBXTargetDependency */ = {
			isa = PBXTargetDependency;
			target = 56012B9929B832D900E2E5A9 /* WatchWhat.iOS */;
			targetProxy = 56012BAB29B832DB00E2E5A9 /* PBXContainerItemProxy */;
		};
		56012BB629B832DB00E2E5A9 /* PBXTargetDependency */ = {
			isa = PBXTargetDependency;
			target = 56012B9929B832D900E2E5A9 /* WatchWhat.iOS */;
			targetProxy = 56012BB529B832DB00E2E5A9 /* PBXContainerItemProxy */;
		};
/* End PBXTargetDependency section */

/* Begin XCBuildConfiguration section */
		56012BBC29B832DB00E2E5A9 /* Debug */ = {
			isa = XCBuildConfiguration;
			baseConfigurationReference = 56012BC729B832EF00E2E5A9 /* Local.xcconfig */;
			buildSettings = {
				ALWAYS_SEARCH_USER_PATHS = NO;
				CLANG_ANALYZER_NONNULL = YES;
				CLANG_ANALYZER_NUMBER_OBJECT_CONVERSION = YES_AGGRESSIVE;
				CLANG_CXX_LANGUAGE_STANDARD = "gnu++20";
				CLANG_ENABLE_MODULES = YES;
				CLANG_ENABLE_OBJC_ARC = YES;
				CLANG_ENABLE_OBJC_WEAK = YES;
				CLANG_WARN_BLOCK_CAPTURE_AUTORELEASING = YES;
				CLANG_WARN_BOOL_CONVERSION = YES;
				CLANG_WARN_COMMA = YES;
				CLANG_WARN_CONSTANT_CONVERSION = YES;
				CLANG_WARN_DEPRECATED_OBJC_IMPLEMENTATIONS = YES;
				CLANG_WARN_DIRECT_OBJC_ISA_USAGE = YES_ERROR;
				CLANG_WARN_DOCUMENTATION_COMMENTS = YES;
				CLANG_WARN_EMPTY_BODY = YES;
				CLANG_WARN_ENUM_CONVERSION = YES;
				CLANG_WARN_INFINITE_RECURSION = YES;
				CLANG_WARN_INT_CONVERSION = YES;
				CLANG_WARN_NON_LITERAL_NULL_CONVERSION = YES;
				CLANG_WARN_OBJC_IMPLICIT_RETAIN_SELF = YES;
				CLANG_WARN_OBJC_LITERAL_CONVERSION = YES;
				CLANG_WARN_OBJC_ROOT_CLASS = YES_ERROR;
				CLANG_WARN_QUOTED_INCLUDE_IN_FRAMEWORK_HEADER = YES;
				CLANG_WARN_RANGE_LOOP_ANALYSIS = YES;
				CLANG_WARN_STRICT_PROTOTYPES = YES;
				CLANG_WARN_SUSPICIOUS_MOVE = YES;
				CLANG_WARN_UNGUARDED_AVAILABILITY = YES_AGGRESSIVE;
				CLANG_WARN_UNREACHABLE_CODE = YES;
				CLANG_WARN__DUPLICATE_METHOD_MATCH = YES;
				COPY_PHASE_STRIP = NO;
				DEBUG_INFORMATION_FORMAT = dwarf;
				ENABLE_STRICT_OBJC_MSGSEND = YES;
				ENABLE_TESTABILITY = YES;
				EXCLUDED_SOURCE_FILE_NAMES = (
					"*.graphql",
					TODO.md,
				);
				GCC_C_LANGUAGE_STANDARD = gnu11;
				GCC_DYNAMIC_NO_PIC = NO;
				GCC_NO_COMMON_BLOCKS = YES;
				GCC_OPTIMIZATION_LEVEL = 0;
				GCC_PREPROCESSOR_DEFINITIONS = (
					"DEBUG=1",
					"$(inherited)",
				);
				GCC_WARN_64_TO_32_BIT_CONVERSION = YES;
				GCC_WARN_ABOUT_RETURN_TYPE = YES_ERROR;
				GCC_WARN_UNDECLARED_SELECTOR = YES;
				GCC_WARN_UNINITIALIZED_AUTOS = YES_AGGRESSIVE;
				GCC_WARN_UNUSED_FUNCTION = YES;
				GCC_WARN_UNUSED_VARIABLE = YES;
				IPHONEOS_DEPLOYMENT_TARGET = 16.2;
				MTL_ENABLE_DEBUG_INFO = INCLUDE_SOURCE;
				MTL_FAST_MATH = YES;
				ONLY_ACTIVE_ARCH = YES;
				SDKROOT = iphoneos;
				SWIFT_ACTIVE_COMPILATION_CONDITIONS = DEBUG;
				SWIFT_OPTIMIZATION_LEVEL = "-Onone";
			};
			name = Debug;
		};
		56012BBD29B832DB00E2E5A9 /* Release */ = {
			isa = XCBuildConfiguration;
			baseConfigurationReference = 56C2349B29BAE5F30010A733 /* Release.xcconfig */;
			buildSettings = {
				ALWAYS_SEARCH_USER_PATHS = NO;
				CLANG_ANALYZER_NONNULL = YES;
				CLANG_ANALYZER_NUMBER_OBJECT_CONVERSION = YES_AGGRESSIVE;
				CLANG_CXX_LANGUAGE_STANDARD = "gnu++20";
				CLANG_ENABLE_MODULES = YES;
				CLANG_ENABLE_OBJC_ARC = YES;
				CLANG_ENABLE_OBJC_WEAK = YES;
				CLANG_WARN_BLOCK_CAPTURE_AUTORELEASING = YES;
				CLANG_WARN_BOOL_CONVERSION = YES;
				CLANG_WARN_COMMA = YES;
				CLANG_WARN_CONSTANT_CONVERSION = YES;
				CLANG_WARN_DEPRECATED_OBJC_IMPLEMENTATIONS = YES;
				CLANG_WARN_DIRECT_OBJC_ISA_USAGE = YES_ERROR;
				CLANG_WARN_DOCUMENTATION_COMMENTS = YES;
				CLANG_WARN_EMPTY_BODY = YES;
				CLANG_WARN_ENUM_CONVERSION = YES;
				CLANG_WARN_INFINITE_RECURSION = YES;
				CLANG_WARN_INT_CONVERSION = YES;
				CLANG_WARN_NON_LITERAL_NULL_CONVERSION = YES;
				CLANG_WARN_OBJC_IMPLICIT_RETAIN_SELF = YES;
				CLANG_WARN_OBJC_LITERAL_CONVERSION = YES;
				CLANG_WARN_OBJC_ROOT_CLASS = YES_ERROR;
				CLANG_WARN_QUOTED_INCLUDE_IN_FRAMEWORK_HEADER = YES;
				CLANG_WARN_RANGE_LOOP_ANALYSIS = YES;
				CLANG_WARN_STRICT_PROTOTYPES = YES;
				CLANG_WARN_SUSPICIOUS_MOVE = YES;
				CLANG_WARN_UNGUARDED_AVAILABILITY = YES_AGGRESSIVE;
				CLANG_WARN_UNREACHABLE_CODE = YES;
				CLANG_WARN__DUPLICATE_METHOD_MATCH = YES;
				COPY_PHASE_STRIP = NO;
				DEBUG_INFORMATION_FORMAT = "dwarf-with-dsym";
				ENABLE_NS_ASSERTIONS = NO;
				ENABLE_STRICT_OBJC_MSGSEND = YES;
				EXCLUDED_SOURCE_FILE_NAMES = (
					"*.graphql",
					TODO.md,
				);
				GCC_C_LANGUAGE_STANDARD = gnu11;
				GCC_NO_COMMON_BLOCKS = YES;
				GCC_WARN_64_TO_32_BIT_CONVERSION = YES;
				GCC_WARN_ABOUT_RETURN_TYPE = YES_ERROR;
				GCC_WARN_UNDECLARED_SELECTOR = YES;
				GCC_WARN_UNINITIALIZED_AUTOS = YES_AGGRESSIVE;
				GCC_WARN_UNUSED_FUNCTION = YES;
				GCC_WARN_UNUSED_VARIABLE = YES;
				IPHONEOS_DEPLOYMENT_TARGET = 16.2;
				MTL_ENABLE_DEBUG_INFO = NO;
				MTL_FAST_MATH = YES;
				SDKROOT = iphoneos;
				SWIFT_COMPILATION_MODE = wholemodule;
				SWIFT_OPTIMIZATION_LEVEL = "-O";
				VALIDATE_PRODUCT = YES;
			};
			name = Release;
		};
		56012BBF29B832DB00E2E5A9 /* Debug */ = {
			isa = XCBuildConfiguration;
			buildSettings = {
				ASSETCATALOG_COMPILER_APPICON_NAME = AppIcon;
				ASSETCATALOG_COMPILER_GLOBAL_ACCENT_COLOR_NAME = AccentColor;
				CODE_SIGN_STYLE = Automatic;
				CURRENT_PROJECT_VERSION = 1;
				DEVELOPMENT_ASSET_PATHS = "\"WatchWhat.iOS/Preview Content\"";
				DEVELOPMENT_TEAM = HKP37D8GG4;
				ENABLE_PREVIEWS = YES;
				GENERATE_INFOPLIST_FILE = YES;
				INFOPLIST_FILE = WatchWhat.iOS/Info.plist;
				INFOPLIST_KEY_UIApplicationSceneManifest_Generation = YES;
				INFOPLIST_KEY_UIApplicationSupportsIndirectInputEvents = YES;
				INFOPLIST_KEY_UILaunchScreen_Generation = YES;
				INFOPLIST_KEY_UISupportedInterfaceOrientations_iPad = "UIInterfaceOrientationPortrait UIInterfaceOrientationPortraitUpsideDown UIInterfaceOrientationLandscapeLeft UIInterfaceOrientationLandscapeRight";
				INFOPLIST_KEY_UISupportedInterfaceOrientations_iPhone = "UIInterfaceOrientationPortrait UIInterfaceOrientationLandscapeLeft UIInterfaceOrientationLandscapeRight";
				LD_RUNPATH_SEARCH_PATHS = (
					"$(inherited)",
					"@executable_path/Frameworks",
				);
				MARKETING_VERSION = 1.0;
				PRODUCT_BUNDLE_IDENTIFIER = WatchWhat.iOS;
				PRODUCT_NAME = "$(TARGET_NAME)";
				SUPPORTED_PLATFORMS = "iphoneos iphonesimulator";
				SUPPORTS_MACCATALYST = NO;
				SUPPORTS_MAC_DESIGNED_FOR_IPHONE_IPAD = NO;
				SWIFT_EMIT_LOC_STRINGS = YES;
				SWIFT_VERSION = 5.0;
				TARGETED_DEVICE_FAMILY = 1;
			};
			name = Debug;
		};
		56012BC029B832DB00E2E5A9 /* Release */ = {
			isa = XCBuildConfiguration;
			buildSettings = {
				ASSETCATALOG_COMPILER_APPICON_NAME = AppIcon;
				ASSETCATALOG_COMPILER_GLOBAL_ACCENT_COLOR_NAME = AccentColor;
				CODE_SIGN_STYLE = Automatic;
				CURRENT_PROJECT_VERSION = 1;
				DEVELOPMENT_ASSET_PATHS = "\"WatchWhat.iOS/Preview Content\"";
				DEVELOPMENT_TEAM = HKP37D8GG4;
				ENABLE_PREVIEWS = YES;
				GENERATE_INFOPLIST_FILE = YES;
				INFOPLIST_FILE = WatchWhat.iOS/Info.plist;
				INFOPLIST_KEY_UIApplicationSceneManifest_Generation = YES;
				INFOPLIST_KEY_UIApplicationSupportsIndirectInputEvents = YES;
				INFOPLIST_KEY_UILaunchScreen_Generation = YES;
				INFOPLIST_KEY_UISupportedInterfaceOrientations_iPad = "UIInterfaceOrientationPortrait UIInterfaceOrientationPortraitUpsideDown UIInterfaceOrientationLandscapeLeft UIInterfaceOrientationLandscapeRight";
				INFOPLIST_KEY_UISupportedInterfaceOrientations_iPhone = "UIInterfaceOrientationPortrait UIInterfaceOrientationLandscapeLeft UIInterfaceOrientationLandscapeRight";
				LD_RUNPATH_SEARCH_PATHS = (
					"$(inherited)",
					"@executable_path/Frameworks",
				);
				MARKETING_VERSION = 1.0;
				PRODUCT_BUNDLE_IDENTIFIER = WatchWhat.iOS;
				PRODUCT_NAME = "$(TARGET_NAME)";
				SUPPORTED_PLATFORMS = "iphoneos iphonesimulator";
				SUPPORTS_MACCATALYST = NO;
				SUPPORTS_MAC_DESIGNED_FOR_IPHONE_IPAD = NO;
				SWIFT_EMIT_LOC_STRINGS = YES;
				SWIFT_VERSION = 5.0;
				TARGETED_DEVICE_FAMILY = 1;
			};
			name = Release;
		};
		56012BC229B832DB00E2E5A9 /* Debug */ = {
			isa = XCBuildConfiguration;
			buildSettings = {
				ALWAYS_EMBED_SWIFT_STANDARD_LIBRARIES = YES;
				BUNDLE_LOADER = "$(TEST_HOST)";
				CODE_SIGN_STYLE = Automatic;
				CURRENT_PROJECT_VERSION = 1;
				DEVELOPMENT_TEAM = HKP37D8GG4;
				GENERATE_INFOPLIST_FILE = YES;
				IPHONEOS_DEPLOYMENT_TARGET = 16.2;
				MARKETING_VERSION = 1.0;
				PRODUCT_BUNDLE_IDENTIFIER = HeyBabe.WatchWhatTests;
				PRODUCT_NAME = "$(TARGET_NAME)";
				SWIFT_EMIT_LOC_STRINGS = NO;
				SWIFT_VERSION = 5.0;
				TARGETED_DEVICE_FAMILY = "1,2";
				TEST_HOST = "$(BUILT_PRODUCTS_DIR)/WatchWhat.app/$(BUNDLE_EXECUTABLE_FOLDER_PATH)/WatchWhat";
			};
			name = Debug;
		};
		56012BC329B832DB00E2E5A9 /* Release */ = {
			isa = XCBuildConfiguration;
			buildSettings = {
				ALWAYS_EMBED_SWIFT_STANDARD_LIBRARIES = YES;
				BUNDLE_LOADER = "$(TEST_HOST)";
				CODE_SIGN_STYLE = Automatic;
				CURRENT_PROJECT_VERSION = 1;
				DEVELOPMENT_TEAM = HKP37D8GG4;
				GENERATE_INFOPLIST_FILE = YES;
				IPHONEOS_DEPLOYMENT_TARGET = 16.2;
				MARKETING_VERSION = 1.0;
				PRODUCT_BUNDLE_IDENTIFIER = HeyBabe.WatchWhatTests;
				PRODUCT_NAME = "$(TARGET_NAME)";
				SWIFT_EMIT_LOC_STRINGS = NO;
				SWIFT_VERSION = 5.0;
				TARGETED_DEVICE_FAMILY = "1,2";
				TEST_HOST = "$(BUILT_PRODUCTS_DIR)/WatchWhat.app/$(BUNDLE_EXECUTABLE_FOLDER_PATH)/WatchWhat";
			};
			name = Release;
		};
		56012BC529B832DB00E2E5A9 /* Debug */ = {
			isa = XCBuildConfiguration;
			buildSettings = {
				ALWAYS_EMBED_SWIFT_STANDARD_LIBRARIES = YES;
				CODE_SIGN_STYLE = Automatic;
				CURRENT_PROJECT_VERSION = 1;
				DEVELOPMENT_TEAM = HKP37D8GG4;
				GENERATE_INFOPLIST_FILE = YES;
				MARKETING_VERSION = 1.0;
				PRODUCT_BUNDLE_IDENTIFIER = HeyBabe.WatchWhatUITests;
				PRODUCT_NAME = "$(TARGET_NAME)";
				SWIFT_EMIT_LOC_STRINGS = NO;
				SWIFT_VERSION = 5.0;
				TARGETED_DEVICE_FAMILY = "1,2";
				TEST_TARGET_NAME = WatchWhat;
			};
			name = Debug;
		};
		56012BC629B832DB00E2E5A9 /* Release */ = {
			isa = XCBuildConfiguration;
			buildSettings = {
				ALWAYS_EMBED_SWIFT_STANDARD_LIBRARIES = YES;
				CODE_SIGN_STYLE = Automatic;
				CURRENT_PROJECT_VERSION = 1;
				DEVELOPMENT_TEAM = HKP37D8GG4;
				GENERATE_INFOPLIST_FILE = YES;
				MARKETING_VERSION = 1.0;
				PRODUCT_BUNDLE_IDENTIFIER = HeyBabe.WatchWhatUITests;
				PRODUCT_NAME = "$(TARGET_NAME)";
				SWIFT_EMIT_LOC_STRINGS = NO;
				SWIFT_VERSION = 5.0;
				TARGETED_DEVICE_FAMILY = "1,2";
				TEST_TARGET_NAME = WatchWhat;
			};
			name = Release;
		};
/* End XCBuildConfiguration section */

/* Begin XCConfigurationList section */
		56012B9529B832D800E2E5A9 /* Build configuration list for PBXProject "WatchWhat" */ = {
			isa = XCConfigurationList;
			buildConfigurations = (
				56012BBC29B832DB00E2E5A9 /* Debug */,
				56012BBD29B832DB00E2E5A9 /* Release */,
			);
			defaultConfigurationIsVisible = 0;
			defaultConfigurationName = Release;
		};
		56012BBE29B832DB00E2E5A9 /* Build configuration list for PBXNativeTarget "WatchWhat.iOS" */ = {
			isa = XCConfigurationList;
			buildConfigurations = (
				56012BBF29B832DB00E2E5A9 /* Debug */,
				56012BC029B832DB00E2E5A9 /* Release */,
			);
			defaultConfigurationIsVisible = 0;
			defaultConfigurationName = Release;
		};
		56012BC129B832DB00E2E5A9 /* Build configuration list for PBXNativeTarget "WatchWhatTests" */ = {
			isa = XCConfigurationList;
			buildConfigurations = (
				56012BC229B832DB00E2E5A9 /* Debug */,
				56012BC329B832DB00E2E5A9 /* Release */,
			);
			defaultConfigurationIsVisible = 0;
			defaultConfigurationName = Release;
		};
		56012BC429B832DB00E2E5A9 /* Build configuration list for PBXNativeTarget "WatchWhatUITests" */ = {
			isa = XCConfigurationList;
			buildConfigurations = (
				56012BC529B832DB00E2E5A9 /* Debug */,
				56012BC629B832DB00E2E5A9 /* Release */,
			);
			defaultConfigurationIsVisible = 0;
			defaultConfigurationName = Release;
		};
/* End XCConfigurationList section */

/* Begin XCRemoteSwiftPackageReference section */
		56012BC929B8353E00E2E5A9 /* XCRemoteSwiftPackageReference "apollo-ios" */ = {
			isa = XCRemoteSwiftPackageReference;
			repositoryURL = "https://github.com/apollographql/apollo-ios.git";
			requirement = {
				kind = upToNextMajorVersion;
				minimumVersion = 1.0.0;
			};
		};
		569F74EE29C7DA6C00D25EA4 /* XCRemoteSwiftPackageReference "firebase-ios-sdk" */ = {
			isa = XCRemoteSwiftPackageReference;
			repositoryURL = "https://github.com/firebase/firebase-ios-sdk";
			requirement = {
				kind = upToNextMajorVersion;
				minimumVersion = 9.0.0;
			};
		};
/* End XCRemoteSwiftPackageReference section */

/* Begin XCSwiftPackageProductDependency section */
		56012BCA29B8353E00E2E5A9 /* Apollo */ = {
			isa = XCSwiftPackageProductDependency;
			package = 56012BC929B8353E00E2E5A9 /* XCRemoteSwiftPackageReference "apollo-ios" */;
			productName = Apollo;
		};
		569F74EF29C7DA6C00D25EA4 /* FirebaseAnalytics */ = {
			isa = XCSwiftPackageProductDependency;
			package = 569F74EE29C7DA6C00D25EA4 /* XCRemoteSwiftPackageReference "firebase-ios-sdk" */;
			productName = FirebaseAnalytics;
		};
		569F74F129C7DA6C00D25EA4 /* FirebaseAuth */ = {
			isa = XCSwiftPackageProductDependency;
			package = 569F74EE29C7DA6C00D25EA4 /* XCRemoteSwiftPackageReference "firebase-ios-sdk" */;
			productName = FirebaseAuth;
		};
		569F74F329C7DA6C00D25EA4 /* FirebaseMessaging */ = {
			isa = XCSwiftPackageProductDependency;
			package = 569F74EE29C7DA6C00D25EA4 /* XCRemoteSwiftPackageReference "firebase-ios-sdk" */;
			productName = FirebaseMessaging;
		};
		569F74F829C814DF00D25EA4 /* FirebaseAnalyticsSwift */ = {
			isa = XCSwiftPackageProductDependency;
			package = 569F74EE29C7DA6C00D25EA4 /* XCRemoteSwiftPackageReference "firebase-ios-sdk" */;
			productName = FirebaseAnalyticsSwift;
		};
/* End XCSwiftPackageProductDependency section */
	};
	rootObject = 56012B9229B832D800E2E5A9 /* Project object */;
}
